// !$*UTF8*$!
{
	archiveVersion = 1;
	classes = {
	};
	objectVersion = 46;
	objects = {

/* Begin PBXAggregateTarget section */
		24416B8111C4CA220047AFDD /* Build & Test */ = {
			isa = PBXAggregateTarget;
			buildConfigurationList = 24416B8A11C4CA520047AFDD /* Build configuration list for PBXAggregateTarget "Build & Test" */;
			buildPhases = (
				24416B8011C4CA220047AFDD /* ShellScript */,
			);
			dependencies = (
				24416B8511C4CA280047AFDD /* PBXTargetDependency */,
			);
			name = "Build & Test";
			productName = "Build & test";
		};
/* End PBXAggregateTarget section */

/* Begin PBXBuildFile section */
		24DD6CF91134B3F500162E58 /* ComGeraudbourdinSvgviewModule.h in Headers */ = {isa = PBXBuildFile; fileRef = 24DD6CF71134B3F500162E58 /* ComGeraudbourdinSvgviewModule.h */; };
		24DD6CFA1134B3F500162E58 /* ComGeraudbourdinSvgviewModule.m in Sources */ = {isa = PBXBuildFile; fileRef = 24DD6CF81134B3F500162E58 /* ComGeraudbourdinSvgviewModule.m */; };
		24DE9E1111C5FE74003F90F6 /* ComGeraudbourdinSvgviewModuleAssets.h in Headers */ = {isa = PBXBuildFile; fileRef = 24DE9E0F11C5FE74003F90F6 /* ComGeraudbourdinSvgviewModuleAssets.h */; };
		24DE9E1211C5FE74003F90F6 /* ComGeraudbourdinSvgviewModuleAssets.m in Sources */ = {isa = PBXBuildFile; fileRef = 24DE9E1011C5FE74003F90F6 /* ComGeraudbourdinSvgviewModuleAssets.m */; };
		AA747D9F0F9514B9006C5449 /* ComGeraudbourdinSvgview_Prefix.pch in Headers */ = {isa = PBXBuildFile; fileRef = AA747D9E0F9514B9006C5449 /* ComGeraudbourdinSvgview_Prefix.pch */; };
		AACBBE4A0F95108600F1A2B1 /* Foundation.framework in Frameworks */ = {isa = PBXBuildFile; fileRef = AACBBE490F95108600F1A2B1 /* Foundation.framework */; };
		E88EA0741ACD5A0400B1BFA6 /* AppleSucksDOMImplementation.h in Headers */ = {isa = PBXBuildFile; fileRef = E88E9FF01ACD598C00B1BFA6 /* AppleSucksDOMImplementation.h */; };
		E88EA0751ACD5A0400B1BFA6 /* Attr.h in Headers */ = {isa = PBXBuildFile; fileRef = E88E9FF11ACD598C00B1BFA6 /* Attr.h */; };
		E88EA0761ACD5A0400B1BFA6 /* BaseClassForAllSVGBasicShapes.h in Headers */ = {isa = PBXBuildFile; fileRef = E88E9FF21ACD598C00B1BFA6 /* BaseClassForAllSVGBasicShapes.h */; };
		E88EA0771ACD5A0400B1BFA6 /* BaseClassForAllSVGBasicShapes_ForSubclasses.h in Headers */ = {isa = PBXBuildFile; fileRef = E88E9FF31ACD598C00B1BFA6 /* BaseClassForAllSVGBasicShapes_ForSubclasses.h */; };
		E88EA0781ACD5A0400B1BFA6 /* CALayer+RecursiveClone.h in Headers */ = {isa = PBXBuildFile; fileRef = E88E9FF41ACD598C00B1BFA6 /* CALayer+RecursiveClone.h */; };
		E88EA0791ACD5A0400B1BFA6 /* CALayerExporter.h in Headers */ = {isa = PBXBuildFile; fileRef = E88E9FF51ACD598C00B1BFA6 /* CALayerExporter.h */; };
		E88EA07A1ACD5A0400B1BFA6 /* CALayerWithChildHitTest.h in Headers */ = {isa = PBXBuildFile; fileRef = E88E9FF61ACD598C00B1BFA6 /* CALayerWithChildHitTest.h */; };
		E88EA07B1ACD5A0400B1BFA6 /* CALayerWithClipRender.h in Headers */ = {isa = PBXBuildFile; fileRef = E88E9FF71ACD598C00B1BFA6 /* CALayerWithClipRender.h */; };
		E88EA07C1ACD5A0400B1BFA6 /* CAShapeLayerWithClipRender.h in Headers */ = {isa = PBXBuildFile; fileRef = E88E9FF81ACD598C00B1BFA6 /* CAShapeLayerWithClipRender.h */; };
		E88EA07D1ACD5A0400B1BFA6 /* CAShapeLayerWithHitTest.h in Headers */ = {isa = PBXBuildFile; fileRef = E88E9FF91ACD598C00B1BFA6 /* CAShapeLayerWithHitTest.h */; };
		E88EA07E1ACD5A0400B1BFA6 /* CDATASection.h in Headers */ = {isa = PBXBuildFile; fileRef = E88E9FFA1ACD598C00B1BFA6 /* CDATASection.h */; };
		E88EA07F1ACD5A0400B1BFA6 /* CGPathAdditions.h in Headers */ = {isa = PBXBuildFile; fileRef = E88E9FFB1ACD598C00B1BFA6 /* CGPathAdditions.h */; };
		E88EA0801ACD5A0400B1BFA6 /* CharacterData.h in Headers */ = {isa = PBXBuildFile; fileRef = E88E9FFC1ACD598C00B1BFA6 /* CharacterData.h */; };
		E88EA0811ACD5A0400B1BFA6 /* Comment.h in Headers */ = {isa = PBXBuildFile; fileRef = E88E9FFD1ACD598C00B1BFA6 /* Comment.h */; };
		E88EA0821ACD5A0400B1BFA6 /* ContextFilterLogFormatter.h in Headers */ = {isa = PBXBuildFile; fileRef = E88E9FFE1ACD598C00B1BFA6 /* ContextFilterLogFormatter.h */; };
		E88EA0831ACD5A0400B1BFA6 /* ConverterSVGToCALayer.h in Headers */ = {isa = PBXBuildFile; fileRef = E88E9FFF1ACD598C00B1BFA6 /* ConverterSVGToCALayer.h */; };
		E88EA0841ACD5A0400B1BFA6 /* CSSPrimitiveValue.h in Headers */ = {isa = PBXBuildFile; fileRef = E88EA0001ACD598C00B1BFA6 /* CSSPrimitiveValue.h */; };
		E88EA0851ACD5A0400B1BFA6 /* CSSRule.h in Headers */ = {isa = PBXBuildFile; fileRef = E88EA0011ACD598C00B1BFA6 /* CSSRule.h */; };
		E88EA0861ACD5A0400B1BFA6 /* CSSRuleList+Mutable.h in Headers */ = {isa = PBXBuildFile; fileRef = E88EA0021ACD598C00B1BFA6 /* CSSRuleList+Mutable.h */; };
		E88EA0871ACD5A0400B1BFA6 /* CSSRuleList.h in Headers */ = {isa = PBXBuildFile; fileRef = E88EA0031ACD598C00B1BFA6 /* CSSRuleList.h */; };
		E88EA0881ACD5A0400B1BFA6 /* CSSStyleDeclaration.h in Headers */ = {isa = PBXBuildFile; fileRef = E88EA0041ACD598C00B1BFA6 /* CSSStyleDeclaration.h */; };
		E88EA0891ACD5A0400B1BFA6 /* CSSStyleRule.h in Headers */ = {isa = PBXBuildFile; fileRef = E88EA0051ACD598C00B1BFA6 /* CSSStyleRule.h */; };
		E88EA08A1ACD5A0400B1BFA6 /* CSSStyleSheet.h in Headers */ = {isa = PBXBuildFile; fileRef = E88EA0061ACD598C00B1BFA6 /* CSSStyleSheet.h */; };
		E88EA08B1ACD5A0400B1BFA6 /* CSSValue.h in Headers */ = {isa = PBXBuildFile; fileRef = E88EA0071ACD598C00B1BFA6 /* CSSValue.h */; };
		E88EA08C1ACD5A0400B1BFA6 /* CSSValue_ForSubclasses.h in Headers */ = {isa = PBXBuildFile; fileRef = E88EA0081ACD598C00B1BFA6 /* CSSValue_ForSubclasses.h */; };
		E88EA08D1ACD5A0400B1BFA6 /* CSSValueList.h in Headers */ = {isa = PBXBuildFile; fileRef = E88EA0091ACD598C00B1BFA6 /* CSSValueList.h */; };
		E88EA08E1ACD5A0400B1BFA6 /* DDAbstractDatabaseLogger.h in Headers */ = {isa = PBXBuildFile; fileRef = E88EA00A1ACD598C00B1BFA6 /* DDAbstractDatabaseLogger.h */; };
		E88EA08F1ACD5A0400B1BFA6 /* DDASLLogger.h in Headers */ = {isa = PBXBuildFile; fileRef = E88EA00B1ACD598C00B1BFA6 /* DDASLLogger.h */; };
		E88EA0901ACD5A0400B1BFA6 /* DDFileLogger.h in Headers */ = {isa = PBXBuildFile; fileRef = E88EA00C1ACD598C00B1BFA6 /* DDFileLogger.h */; };
		E88EA0911ACD5A0400B1BFA6 /* DDLog.h in Headers */ = {isa = PBXBuildFile; fileRef = E88EA00D1ACD598C00B1BFA6 /* DDLog.h */; };
		E88EA0921ACD5A0400B1BFA6 /* DDTTYLogger.h in Headers */ = {isa = PBXBuildFile; fileRef = E88EA00E1ACD598C00B1BFA6 /* DDTTYLogger.h */; };
		E88EA0931ACD5A0400B1BFA6 /* DispatchQueueLogFormatter.h in Headers */ = {isa = PBXBuildFile; fileRef = E88EA00F1ACD598C00B1BFA6 /* DispatchQueueLogFormatter.h */; };
		E88EA0941ACD5A0400B1BFA6 /* Document+Mutable.h in Headers */ = {isa = PBXBuildFile; fileRef = E88EA0101ACD598C00B1BFA6 /* Document+Mutable.h */; };
		E88EA0951ACD5A0400B1BFA6 /* Document.h in Headers */ = {isa = PBXBuildFile; fileRef = E88EA0111ACD598C00B1BFA6 /* Document.h */; };
		E88EA0961ACD5A0400B1BFA6 /* DocumentCSS.h in Headers */ = {isa = PBXBuildFile; fileRef = E88EA0121ACD598C00B1BFA6 /* DocumentCSS.h */; };
		E88EA0971ACD5A0500B1BFA6 /* DocumentFragment.h in Headers */ = {isa = PBXBuildFile; fileRef = E88EA0131ACD598C00B1BFA6 /* DocumentFragment.h */; };
		E88EA0981ACD5A0500B1BFA6 /* DocumentStyle.h in Headers */ = {isa = PBXBuildFile; fileRef = E88EA0141ACD598C00B1BFA6 /* DocumentStyle.h */; };
		E88EA0991ACD5A0500B1BFA6 /* DocumentType.h in Headers */ = {isa = PBXBuildFile; fileRef = E88EA0151ACD598C00B1BFA6 /* DocumentType.h */; };
		E88EA09A1ACD5A0500B1BFA6 /* DOMGlobalSettings.h in Headers */ = {isa = PBXBuildFile; fileRef = E88EA0161ACD598C00B1BFA6 /* DOMGlobalSettings.h */; };
		E88EA09B1ACD5A0500B1BFA6 /* DOMHelperUtilities.h in Headers */ = {isa = PBXBuildFile; fileRef = E88EA0171ACD598C00B1BFA6 /* DOMHelperUtilities.h */; };
		E88EA09C1ACD5A0500B1BFA6 /* Element.h in Headers */ = {isa = PBXBuildFile; fileRef = E88EA0181ACD598C00B1BFA6 /* Element.h */; };
		E88EA09D1ACD5A0500B1BFA6 /* EntityReference.h in Headers */ = {isa = PBXBuildFile; fileRef = E88EA0191ACD598C00B1BFA6 /* EntityReference.h */; };
		E88EA09E1ACD5A0500B1BFA6 /* MediaList.h in Headers */ = {isa = PBXBuildFile; fileRef = E88EA01A1ACD598C00B1BFA6 /* MediaList.h */; };
		E88EA09F1ACD5A0500B1BFA6 /* NamedNodeMap.h in Headers */ = {isa = PBXBuildFile; fileRef = E88EA01B1ACD598C00B1BFA6 /* NamedNodeMap.h */; };
		E88EA0A01ACD5A0500B1BFA6 /* NamedNodeMap_Iterable.h in Headers */ = {isa = PBXBuildFile; fileRef = E88EA01C1ACD598C00B1BFA6 /* NamedNodeMap_Iterable.h */; };
		E88EA0A11ACD5A0500B1BFA6 /* Node+Mutable.h in Headers */ = {isa = PBXBuildFile; fileRef = E88EA01D1ACD598C00B1BFA6 /* Node+Mutable.h */; };
		E88EA0A21ACD5A0500B1BFA6 /* Node.h in Headers */ = {isa = PBXBuildFile; fileRef = E88EA01E1ACD598C00B1BFA6 /* Node.h */; };
		E88EA0A31ACD5A0500B1BFA6 /* NodeList+Mutable.h in Headers */ = {isa = PBXBuildFile; fileRef = E88EA01F1ACD598C00B1BFA6 /* NodeList+Mutable.h */; };
		E88EA0A41ACD5A0500B1BFA6 /* NodeList.h in Headers */ = {isa = PBXBuildFile; fileRef = E88EA0201ACD598C00B1BFA6 /* NodeList.h */; };
		E88EA0A51ACD5A0500B1BFA6 /* NSCharacterSet+SVGKExtensions.h in Headers */ = {isa = PBXBuildFile; fileRef = E88EA0211ACD598C00B1BFA6 /* NSCharacterSet+SVGKExtensions.h */; };
		E88EA0A61ACD5A0500B1BFA6 /* NSData+NSInputStream.h in Headers */ = {isa = PBXBuildFile; fileRef = E88EA0221ACD598C00B1BFA6 /* NSData+NSInputStream.h */; };
		E88EA0A71ACD5A0500B1BFA6 /* ProcessingInstruction.h in Headers */ = {isa = PBXBuildFile; fileRef = E88EA0231ACD598C00B1BFA6 /* ProcessingInstruction.h */; };
		E88EA0A81ACD5A0500B1BFA6 /* StyleSheet.h in Headers */ = {isa = PBXBuildFile; fileRef = E88EA0241ACD598C00B1BFA6 /* StyleSheet.h */; };
		E88EA0A91ACD5A0500B1BFA6 /* StyleSheetList.h in Headers */ = {isa = PBXBuildFile; fileRef = E88EA0251ACD598C00B1BFA6 /* StyleSheetList.h */; };
		E88EA0AA1ACD5A0500B1BFA6 /* SVGAngle.h in Headers */ = {isa = PBXBuildFile; fileRef = E88EA0261ACD598C00B1BFA6 /* SVGAngle.h */; };
		E88EA0AB1ACD5A0500B1BFA6 /* SVGAnimatedPreserveAspectRatio.h in Headers */ = {isa = PBXBuildFile; fileRef = E88EA0271ACD598C00B1BFA6 /* SVGAnimatedPreserveAspectRatio.h */; };
		E88EA0AC1ACD5A0600B1BFA6 /* SVGCircleElement.h in Headers */ = {isa = PBXBuildFile; fileRef = E88EA0281ACD598C00B1BFA6 /* SVGCircleElement.h */; };
		E88EA0AD1ACD5A0600B1BFA6 /* SVGClipPathElement.h in Headers */ = {isa = PBXBuildFile; fileRef = E88EA0291ACD598C00B1BFA6 /* SVGClipPathElement.h */; };
		E88EA0AE1ACD5A0600B1BFA6 /* SVGDefsElement.h in Headers */ = {isa = PBXBuildFile; fileRef = E88EA02A1ACD598C00B1BFA6 /* SVGDefsElement.h */; };
		E88EA0AF1ACD5A0600B1BFA6 /* SVGDescriptionElement.h in Headers */ = {isa = PBXBuildFile; fileRef = E88EA02B1ACD598C00B1BFA6 /* SVGDescriptionElement.h */; };
		E88EA0B01ACD5A0600B1BFA6 /* SVGDocument.h in Headers */ = {isa = PBXBuildFile; fileRef = E88EA02C1ACD598C00B1BFA6 /* SVGDocument.h */; };
		E88EA0B11ACD5A0600B1BFA6 /* SVGDocument_Mutable.h in Headers */ = {isa = PBXBuildFile; fileRef = E88EA02D1ACD598C00B1BFA6 /* SVGDocument_Mutable.h */; };
		E88EA0B21ACD5A0600B1BFA6 /* SVGElement.h in Headers */ = {isa = PBXBuildFile; fileRef = E88EA02E1ACD598C00B1BFA6 /* SVGElement.h */; };
		E88EA0B31ACD5A0600B1BFA6 /* SVGElement_ForParser.h in Headers */ = {isa = PBXBuildFile; fileRef = E88EA02F1ACD598C00B1BFA6 /* SVGElement_ForParser.h */; };
		E88EA0B41ACD5A0600B1BFA6 /* SVGElementInstance.h in Headers */ = {isa = PBXBuildFile; fileRef = E88EA0301ACD598C00B1BFA6 /* SVGElementInstance.h */; };
		E88EA0B51ACD5A0600B1BFA6 /* SVGElementInstance_Mutable.h in Headers */ = {isa = PBXBuildFile; fileRef = E88EA0311ACD598C00B1BFA6 /* SVGElementInstance_Mutable.h */; };
		E88EA0B61ACD5A0600B1BFA6 /* SVGElementInstanceList.h in Headers */ = {isa = PBXBuildFile; fileRef = E88EA0321ACD598C00B1BFA6 /* SVGElementInstanceList.h */; };
		E88EA0B71ACD5A0600B1BFA6 /* SVGElementInstanceList_Internal.h in Headers */ = {isa = PBXBuildFile; fileRef = E88EA0331ACD598C00B1BFA6 /* SVGElementInstanceList_Internal.h */; };
		E88EA0B81ACD5A0600B1BFA6 /* SVGEllipseElement.h in Headers */ = {isa = PBXBuildFile; fileRef = E88EA0341ACD598C00B1BFA6 /* SVGEllipseElement.h */; };
		E88EA0B91ACD5A0600B1BFA6 /* SVGFitToViewBox.h in Headers */ = {isa = PBXBuildFile; fileRef = E88EA0351ACD598C00B1BFA6 /* SVGFitToViewBox.h */; };
		E88EA0BA1ACD5A0600B1BFA6 /* SVGGElement.h in Headers */ = {isa = PBXBuildFile; fileRef = E88EA0361ACD598C00B1BFA6 /* SVGGElement.h */; };
		E88EA0BB1ACD5A0700B1BFA6 /* SVGGradientElement.h in Headers */ = {isa = PBXBuildFile; fileRef = E88EA0371ACD598C00B1BFA6 /* SVGGradientElement.h */; };
		E88EA0BC1ACD5A0700B1BFA6 /* SVGGradientLayer.h in Headers */ = {isa = PBXBuildFile; fileRef = E88EA0381ACD598C00B1BFA6 /* SVGGradientLayer.h */; };
		E88EA0BD1ACD5A0700B1BFA6 /* SVGGradientStop.h in Headers */ = {isa = PBXBuildFile; fileRef = E88EA0391ACD598C00B1BFA6 /* SVGGradientStop.h */; };
		E88EA0BE1ACD5A0700B1BFA6 /* SVGGroupElement.h in Headers */ = {isa = PBXBuildFile; fileRef = E88EA03A1ACD598C00B1BFA6 /* SVGGroupElement.h */; };
		E88EA0BF1ACD5A0700B1BFA6 /* SVGHelperUtilities.h in Headers */ = {isa = PBXBuildFile; fileRef = E88EA03B1ACD598C00B1BFA6 /* SVGHelperUtilities.h */; };
		E88EA0C01ACD5A0700B1BFA6 /* SVGImageElement.h in Headers */ = {isa = PBXBuildFile; fileRef = E88EA03C1ACD598C00B1BFA6 /* SVGImageElement.h */; };
		E88EA0C11ACD5A0700B1BFA6 /* SVGKExporterNSData.h in Headers */ = {isa = PBXBuildFile; fileRef = E88EA03D1ACD598C00B1BFA6 /* SVGKExporterNSData.h */; };
		E88EA0C21ACD5A0700B1BFA6 /* SVGKExporterUIImage.h in Headers */ = {isa = PBXBuildFile; fileRef = E88EA03E1ACD598C00B1BFA6 /* SVGKExporterUIImage.h */; };
		E88EA0C31ACD5A0700B1BFA6 /* SVGKFastImageView.h in Headers */ = {isa = PBXBuildFile; fileRef = E88EA03F1ACD598C00B1BFA6 /* SVGKFastImageView.h */; };
		E88EA0C41ACD5A0700B1BFA6 /* SVGKImage+CGContext.h in Headers */ = {isa = PBXBuildFile; fileRef = E88EA0401ACD598C00B1BFA6 /* SVGKImage+CGContext.h */; };
		E88EA0C51ACD5A0700B1BFA6 /* SVGKImage.h in Headers */ = {isa = PBXBuildFile; fileRef = E88EA0411ACD598C00B1BFA6 /* SVGKImage.h */; };
		E88EA0C61ACD5A0700B1BFA6 /* SVGKImageView.h in Headers */ = {isa = PBXBuildFile; fileRef = E88EA0421ACD598C00B1BFA6 /* SVGKImageView.h */; };
		E88EA0C71ACD5A0700B1BFA6 /* SVGKit.h in Headers */ = {isa = PBXBuildFile; fileRef = E88EA0431ACD598C00B1BFA6 /* SVGKit.h */; };
		E88EA0C81ACD5A0800B1BFA6 /* SVGKLayer.h in Headers */ = {isa = PBXBuildFile; fileRef = E88EA0441ACD598C00B1BFA6 /* SVGKLayer.h */; };
		E88EA0C91ACD5A0800B1BFA6 /* SVGKLayeredImageView.h in Headers */ = {isa = PBXBuildFile; fileRef = E88EA0451ACD598C00B1BFA6 /* SVGKLayeredImageView.h */; };
		E88EA0CA1ACD5A0800B1BFA6 /* SVGKParser.h in Headers */ = {isa = PBXBuildFile; fileRef = E88EA0461ACD598C00B1BFA6 /* SVGKParser.h */; };
		E88EA0CB1ACD5A0800B1BFA6 /* SVGKParserDefsAndUse.h in Headers */ = {isa = PBXBuildFile; fileRef = E88EA0471ACD598C00B1BFA6 /* SVGKParserDefsAndUse.h */; };
		E88EA0CC1ACD5A0800B1BFA6 /* SVGKParserDOM.h in Headers */ = {isa = PBXBuildFile; fileRef = E88EA0481ACD598C00B1BFA6 /* SVGKParserDOM.h */; };
		E88EA0CD1ACD5A0800B1BFA6 /* SVGKParseResult.h in Headers */ = {isa = PBXBuildFile; fileRef = E88EA0491ACD598C00B1BFA6 /* SVGKParseResult.h */; };
		E88EA0CE1ACD5A0800B1BFA6 /* SVGKParserExtension.h in Headers */ = {isa = PBXBuildFile; fileRef = E88EA04A1ACD598C00B1BFA6 /* SVGKParserExtension.h */; };
		E88EA0CF1ACD5A0800B1BFA6 /* SVGKParserGradient.h in Headers */ = {isa = PBXBuildFile; fileRef = E88EA04B1ACD598C00B1BFA6 /* SVGKParserGradient.h */; };
		E88EA0D01ACD5A0800B1BFA6 /* SVGKParserPatternsAndGradients.h in Headers */ = {isa = PBXBuildFile; fileRef = E88EA04C1ACD598C00B1BFA6 /* SVGKParserPatternsAndGradients.h */; };
		E88EA0D11ACD5A0800B1BFA6 /* SVGKParserStyles.h in Headers */ = {isa = PBXBuildFile; fileRef = E88EA04D1ACD598C00B1BFA6 /* SVGKParserStyles.h */; };
		E88EA0D21ACD5A0800B1BFA6 /* SVGKParserSVG.h in Headers */ = {isa = PBXBuildFile; fileRef = E88EA04E1ACD598C00B1BFA6 /* SVGKParserSVG.h */; };
		E88EA0D31ACD5A0900B1BFA6 /* SVGKPattern.h in Headers */ = {isa = PBXBuildFile; fileRef = E88EA04F1ACD598C00B1BFA6 /* SVGKPattern.h */; };
		E88EA0D41ACD5A0900B1BFA6 /* SVGKPointsAndPathsParser.h in Headers */ = {isa = PBXBuildFile; fileRef = E88EA0501ACD598C00B1BFA6 /* SVGKPointsAndPathsParser.h */; };
		E88EA0D51ACD5A0900B1BFA6 /* SVGKSource.h in Headers */ = {isa = PBXBuildFile; fileRef = E88EA0511ACD598C00B1BFA6 /* SVGKSource.h */; };
		E88EA0D61ACD5A0900B1BFA6 /* SVGKSourceLocalFile.h in Headers */ = {isa = PBXBuildFile; fileRef = E88EA0521ACD598C00B1BFA6 /* SVGKSourceLocalFile.h */; };
		E88EA0D71ACD5A0900B1BFA6 /* SVGKSourceNSData.h in Headers */ = {isa = PBXBuildFile; fileRef = E88EA0531ACD598C00B1BFA6 /* SVGKSourceNSData.h */; };
		E88EA0D81ACD5A0900B1BFA6 /* SVGKSourceString.h in Headers */ = {isa = PBXBuildFile; fileRef = E88EA0541ACD598C00B1BFA6 /* SVGKSourceString.h */; };
		E88EA0D91ACD5A0900B1BFA6 /* SVGKSourceURL.h in Headers */ = {isa = PBXBuildFile; fileRef = E88EA0551ACD598C00B1BFA6 /* SVGKSourceURL.h */; };
		E88EA0DA1ACD5A0900B1BFA6 /* SVGLength.h in Headers */ = {isa = PBXBuildFile; fileRef = E88EA0561ACD598C00B1BFA6 /* SVGLength.h */; };
		E88EA0DB1ACD5A0900B1BFA6 /* SVGLineElement.h in Headers */ = {isa = PBXBuildFile; fileRef = E88EA0571ACD598C00B1BFA6 /* SVGLineElement.h */; };
		E88EA0DC1ACD5A0900B1BFA6 /* SVGMatrix.h in Headers */ = {isa = PBXBuildFile; fileRef = E88EA0581ACD598C00B1BFA6 /* SVGMatrix.h */; };
		E88EA0DD1ACD5A0A00B1BFA6 /* SVGNumber.h in Headers */ = {isa = PBXBuildFile; fileRef = E88EA0591ACD598C00B1BFA6 /* SVGNumber.h */; };
		E88EA0DE1ACD5A0A00B1BFA6 /* SVGPathElement.h in Headers */ = {isa = PBXBuildFile; fileRef = E88EA05A1ACD598C00B1BFA6 /* SVGPathElement.h */; };
		E88EA0DF1ACD5A0A00B1BFA6 /* SVGPoint.h in Headers */ = {isa = PBXBuildFile; fileRef = E88EA05B1ACD598C00B1BFA6 /* SVGPoint.h */; };
		E88EA0E01ACD5A0A00B1BFA6 /* SVGPolygonElement.h in Headers */ = {isa = PBXBuildFile; fileRef = E88EA05C1ACD598C00B1BFA6 /* SVGPolygonElement.h */; };
		E88EA0E11ACD5A0A00B1BFA6 /* SVGPolylineElement.h in Headers */ = {isa = PBXBuildFile; fileRef = E88EA05D1ACD598C00B1BFA6 /* SVGPolylineElement.h */; };
		E88EA0E21ACD5A0A00B1BFA6 /* SVGPreserveAspectRatio.h in Headers */ = {isa = PBXBuildFile; fileRef = E88EA05E1ACD598C00B1BFA6 /* SVGPreserveAspectRatio.h */; };
		E88EA0E31ACD5A0A00B1BFA6 /* SVGRect.h in Headers */ = {isa = PBXBuildFile; fileRef = E88EA05F1ACD598C00B1BFA6 /* SVGRect.h */; };
		E88EA0E41ACD5A0A00B1BFA6 /* SVGRectElement.h in Headers */ = {isa = PBXBuildFile; fileRef = E88EA0601ACD598C00B1BFA6 /* SVGRectElement.h */; };
		E88EA0E51ACD5A0A00B1BFA6 /* SVGStylable.h in Headers */ = {isa = PBXBuildFile; fileRef = E88EA0611ACD598C00B1BFA6 /* SVGStylable.h */; };
		E88EA0E61ACD5A0B00B1BFA6 /* SVGStyleCatcher.h in Headers */ = {isa = PBXBuildFile; fileRef = E88EA0621ACD598C00B1BFA6 /* SVGStyleCatcher.h */; };
		E88EA0E71ACD5A0B00B1BFA6 /* SVGStyleElement.h in Headers */ = {isa = PBXBuildFile; fileRef = E88EA0631ACD598C00B1BFA6 /* SVGStyleElement.h */; };
		E88EA0E81ACD5A0B00B1BFA6 /* SVGSVGElement.h in Headers */ = {isa = PBXBuildFile; fileRef = E88EA0641ACD598C00B1BFA6 /* SVGSVGElement.h */; };
		E88EA0E91ACD5A0B00B1BFA6 /* SVGSVGElement_Mutable.h in Headers */ = {isa = PBXBuildFile; fileRef = E88EA0651ACD598C00B1BFA6 /* SVGSVGElement_Mutable.h */; };
		E88EA0EA1ACD5A0B00B1BFA6 /* SVGTextContentElement.h in Headers */ = {isa = PBXBuildFile; fileRef = E88EA0661ACD598C00B1BFA6 /* SVGTextContentElement.h */; };
		E88EA0EB1ACD5A0B00B1BFA6 /* SVGTextElement.h in Headers */ = {isa = PBXBuildFile; fileRef = E88EA0671ACD598C00B1BFA6 /* SVGTextElement.h */; };
		E88EA0EC1ACD5A0B00B1BFA6 /* SVGTextPositioningElement.h in Headers */ = {isa = PBXBuildFile; fileRef = E88EA0681ACD598C00B1BFA6 /* SVGTextPositioningElement.h */; };
		E88EA0ED1ACD5A0B00B1BFA6 /* SVGTextPositioningElement_Mutable.h in Headers */ = {isa = PBXBuildFile; fileRef = E88EA0691ACD598C00B1BFA6 /* SVGTextPositioningElement_Mutable.h */; };
		E88EA0EE1ACD5A0C00B1BFA6 /* SVGTitleElement.h in Headers */ = {isa = PBXBuildFile; fileRef = E88EA06A1ACD598C00B1BFA6 /* SVGTitleElement.h */; };
		E88EA0EF1ACD5A0C00B1BFA6 /* SVGTransform.h in Headers */ = {isa = PBXBuildFile; fileRef = E88EA06B1ACD598C00B1BFA6 /* SVGTransform.h */; };
		E88EA0F01ACD5A0C00B1BFA6 /* SVGTransformable.h in Headers */ = {isa = PBXBuildFile; fileRef = E88EA06C1ACD598C00B1BFA6 /* SVGTransformable.h */; };
		E88EA0F11ACD5A0C00B1BFA6 /* SVGUnitTypes.h in Headers */ = {isa = PBXBuildFile; fileRef = E88EA06D1ACD598C00B1BFA6 /* SVGUnitTypes.h */; };
		E88EA0F21ACD5A0C00B1BFA6 /* SVGUseElement.h in Headers */ = {isa = PBXBuildFile; fileRef = E88EA06E1ACD598C00B1BFA6 /* SVGUseElement.h */; };
		E88EA0F31ACD5A0C00B1BFA6 /* SVGUseElement_Mutable.h in Headers */ = {isa = PBXBuildFile; fileRef = E88EA06F1ACD598C00B1BFA6 /* SVGUseElement_Mutable.h */; };
		E88EA0F41ACD5A0C00B1BFA6 /* SVGUtils.h in Headers */ = {isa = PBXBuildFile; fileRef = E88EA0701ACD598C00B1BFA6 /* SVGUtils.h */; };
		E88EA0F51ACD5A0C00B1BFA6 /* SVGViewSpec.h in Headers */ = {isa = PBXBuildFile; fileRef = E88EA0711ACD598C00B1BFA6 /* SVGViewSpec.h */; };
		E88EA0F61ACD5A0D00B1BFA6 /* Text.h in Headers */ = {isa = PBXBuildFile; fileRef = E88EA0721ACD598C00B1BFA6 /* Text.h */; };
		E88EA0F71ACD5A0D00B1BFA6 /* TinySVGTextAreaElement.h in Headers */ = {isa = PBXBuildFile; fileRef = E88EA0731ACD598C00B1BFA6 /* TinySVGTextAreaElement.h */; };
		E88EA0F91ACD5A7300B1BFA6 /* libSVGKit-iOS.1.2.0.a in Frameworks */ = {isa = PBXBuildFile; fileRef = E88EA0F81ACD5A7300B1BFA6 /* libSVGKit-iOS.1.2.0.a */; };
		E8F5D20A1ACC0D76001786D3 /* ComGeraudbourdinSvgviewView.h in Headers */ = {isa = PBXBuildFile; fileRef = E8F5D2061ACC0D76001786D3 /* ComGeraudbourdinSvgviewView.h */; };
		E8F5D20B1ACC0D76001786D3 /* ComGeraudbourdinSvgviewView.m in Sources */ = {isa = PBXBuildFile; fileRef = E8F5D2071ACC0D76001786D3 /* ComGeraudbourdinSvgviewView.m */; };
		E8F5D20C1ACC0D76001786D3 /* ComGeraudbourdinSvgviewViewProxy.h in Headers */ = {isa = PBXBuildFile; fileRef = E8F5D2081ACC0D76001786D3 /* ComGeraudbourdinSvgviewViewProxy.h */; };
		E8F5D20D1ACC0D76001786D3 /* ComGeraudbourdinSvgviewViewProxy.m in Sources */ = {isa = PBXBuildFile; fileRef = E8F5D2091ACC0D76001786D3 /* ComGeraudbourdinSvgviewViewProxy.m */; };
		E8F5D31A1ACC101C001786D3 /* CoreText.framework in Frameworks */ = {isa = PBXBuildFile; fileRef = E8F5D3191ACC101C001786D3 /* CoreText.framework */; };
		E8F5D31C1ACC1027001786D3 /* CoreImage.framework in Frameworks */ = {isa = PBXBuildFile; fileRef = E8F5D31B1ACC1027001786D3 /* CoreImage.framework */; };
		E8F5D31E1ACC1034001786D3 /* libxml2.dylib in Frameworks */ = {isa = PBXBuildFile; fileRef = E8F5D31D1ACC1034001786D3 /* libxml2.dylib */; };
		E8F5D3201ACC103D001786D3 /* QuartzCore.framework in Frameworks */ = {isa = PBXBuildFile; fileRef = E8F5D31F1ACC103D001786D3 /* QuartzCore.framework */; };
		E8F5D3221ACC1045001786D3 /* CoreGraphics.framework in Frameworks */ = {isa = PBXBuildFile; fileRef = E8F5D3211ACC1045001786D3 /* CoreGraphics.framework */; };
		E8F5D3241ACC104E001786D3 /* UIKit.framework in Frameworks */ = {isa = PBXBuildFile; fileRef = E8F5D3231ACC104E001786D3 /* UIKit.framework */; };
/* End PBXBuildFile section */

/* Begin PBXContainerItemProxy section */
		24416B8411C4CA280047AFDD /* PBXContainerItemProxy */ = {
			isa = PBXContainerItemProxy;
			containerPortal = 0867D690FE84028FC02AAC07 /* Project object */;
			proxyType = 1;
			remoteGlobalIDString = D2AAC07D0554694100DB518D;
			remoteInfo = "svg-ios";
		};
/* End PBXContainerItemProxy section */

/* Begin PBXFileReference section */
		24DD6CF71134B3F500162E58 /* ComGeraudbourdinSvgviewModule.h */ = {isa = PBXFileReference; fileEncoding = 4; lastKnownFileType = sourcecode.c.h; name = ComGeraudbourdinSvgviewModule.h; path = Classes/ComGeraudbourdinSvgviewModule.h; sourceTree = "<group>"; };
		24DD6CF81134B3F500162E58 /* ComGeraudbourdinSvgviewModule.m */ = {isa = PBXFileReference; fileEncoding = 4; lastKnownFileType = sourcecode.c.objc; name = ComGeraudbourdinSvgviewModule.m; path = Classes/ComGeraudbourdinSvgviewModule.m; sourceTree = "<group>"; };
		24DD6D1B1134B66800162E58 /* titanium.xcconfig */ = {isa = PBXFileReference; fileEncoding = 4; lastKnownFileType = text.xcconfig; path = titanium.xcconfig; sourceTree = "<group>"; };
		24DE9E0F11C5FE74003F90F6 /* ComGeraudbourdinSvgviewModuleAssets.h */ = {isa = PBXFileReference; fileEncoding = 4; lastKnownFileType = sourcecode.c.h; name = ComGeraudbourdinSvgviewModuleAssets.h; path = Classes/ComGeraudbourdinSvgviewModuleAssets.h; sourceTree = "<group>"; };
		24DE9E1011C5FE74003F90F6 /* ComGeraudbourdinSvgviewModuleAssets.m */ = {isa = PBXFileReference; fileEncoding = 4; lastKnownFileType = sourcecode.c.objc; name = ComGeraudbourdinSvgviewModuleAssets.m; path = Classes/ComGeraudbourdinSvgviewModuleAssets.m; sourceTree = "<group>"; };
		AA747D9E0F9514B9006C5449 /* ComGeraudbourdinSvgview_Prefix.pch */ = {isa = PBXFileReference; fileEncoding = 4; lastKnownFileType = sourcecode.c.h; path = ComGeraudbourdinSvgview_Prefix.pch; sourceTree = SOURCE_ROOT; };
		AACBBE490F95108600F1A2B1 /* Foundation.framework */ = {isa = PBXFileReference; lastKnownFileType = wrapper.framework; name = Foundation.framework; path = System/Library/Frameworks/Foundation.framework; sourceTree = SDKROOT; };
		D2AAC07E0554694100DB518D /* libComGeraudbourdinSvgview.a */ = {isa = PBXFileReference; explicitFileType = archive.ar; includeInIndex = 0; path = libComGeraudbourdinSvgview.a; sourceTree = BUILT_PRODUCTS_DIR; };
		E88E9FF01ACD598C00B1BFA6 /* AppleSucksDOMImplementation.h */ = {isa = PBXFileReference; lastKnownFileType = sourcecode.c.h; path = AppleSucksDOMImplementation.h; sourceTree = "<group>"; };
		E88E9FF11ACD598C00B1BFA6 /* Attr.h */ = {isa = PBXFileReference; lastKnownFileType = sourcecode.c.h; path = Attr.h; sourceTree = "<group>"; };
		E88E9FF21ACD598C00B1BFA6 /* BaseClassForAllSVGBasicShapes.h */ = {isa = PBXFileReference; lastKnownFileType = sourcecode.c.h; path = BaseClassForAllSVGBasicShapes.h; sourceTree = "<group>"; };
		E88E9FF31ACD598C00B1BFA6 /* BaseClassForAllSVGBasicShapes_ForSubclasses.h */ = {isa = PBXFileReference; lastKnownFileType = sourcecode.c.h; path = BaseClassForAllSVGBasicShapes_ForSubclasses.h; sourceTree = "<group>"; };
		E88E9FF41ACD598C00B1BFA6 /* CALayer+RecursiveClone.h */ = {isa = PBXFileReference; lastKnownFileType = sourcecode.c.h; path = "CALayer+RecursiveClone.h"; sourceTree = "<group>"; };
		E88E9FF51ACD598C00B1BFA6 /* CALayerExporter.h */ = {isa = PBXFileReference; lastKnownFileType = sourcecode.c.h; path = CALayerExporter.h; sourceTree = "<group>"; };
		E88E9FF61ACD598C00B1BFA6 /* CALayerWithChildHitTest.h */ = {isa = PBXFileReference; lastKnownFileType = sourcecode.c.h; path = CALayerWithChildHitTest.h; sourceTree = "<group>"; };
		E88E9FF71ACD598C00B1BFA6 /* CALayerWithClipRender.h */ = {isa = PBXFileReference; lastKnownFileType = sourcecode.c.h; path = CALayerWithClipRender.h; sourceTree = "<group>"; };
		E88E9FF81ACD598C00B1BFA6 /* CAShapeLayerWithClipRender.h */ = {isa = PBXFileReference; lastKnownFileType = sourcecode.c.h; path = CAShapeLayerWithClipRender.h; sourceTree = "<group>"; };
		E88E9FF91ACD598C00B1BFA6 /* CAShapeLayerWithHitTest.h */ = {isa = PBXFileReference; lastKnownFileType = sourcecode.c.h; path = CAShapeLayerWithHitTest.h; sourceTree = "<group>"; };
		E88E9FFA1ACD598C00B1BFA6 /* CDATASection.h */ = {isa = PBXFileReference; lastKnownFileType = sourcecode.c.h; path = CDATASection.h; sourceTree = "<group>"; };
		E88E9FFB1ACD598C00B1BFA6 /* CGPathAdditions.h */ = {isa = PBXFileReference; lastKnownFileType = sourcecode.c.h; path = CGPathAdditions.h; sourceTree = "<group>"; };
		E88E9FFC1ACD598C00B1BFA6 /* CharacterData.h */ = {isa = PBXFileReference; lastKnownFileType = sourcecode.c.h; path = CharacterData.h; sourceTree = "<group>"; };
		E88E9FFD1ACD598C00B1BFA6 /* Comment.h */ = {isa = PBXFileReference; lastKnownFileType = sourcecode.c.h; path = Comment.h; sourceTree = "<group>"; };
		E88E9FFE1ACD598C00B1BFA6 /* ContextFilterLogFormatter.h */ = {isa = PBXFileReference; lastKnownFileType = sourcecode.c.h; path = ContextFilterLogFormatter.h; sourceTree = "<group>"; };
		E88E9FFF1ACD598C00B1BFA6 /* ConverterSVGToCALayer.h */ = {isa = PBXFileReference; lastKnownFileType = sourcecode.c.h; path = ConverterSVGToCALayer.h; sourceTree = "<group>"; };
		E88EA0001ACD598C00B1BFA6 /* CSSPrimitiveValue.h */ = {isa = PBXFileReference; lastKnownFileType = sourcecode.c.h; path = CSSPrimitiveValue.h; sourceTree = "<group>"; };
		E88EA0011ACD598C00B1BFA6 /* CSSRule.h */ = {isa = PBXFileReference; lastKnownFileType = sourcecode.c.h; path = CSSRule.h; sourceTree = "<group>"; };
		E88EA0021ACD598C00B1BFA6 /* CSSRuleList+Mutable.h */ = {isa = PBXFileReference; lastKnownFileType = sourcecode.c.h; path = "CSSRuleList+Mutable.h"; sourceTree = "<group>"; };
		E88EA0031ACD598C00B1BFA6 /* CSSRuleList.h */ = {isa = PBXFileReference; lastKnownFileType = sourcecode.c.h; path = CSSRuleList.h; sourceTree = "<group>"; };
		E88EA0041ACD598C00B1BFA6 /* CSSStyleDeclaration.h */ = {isa = PBXFileReference; lastKnownFileType = sourcecode.c.h; path = CSSStyleDeclaration.h; sourceTree = "<group>"; };
		E88EA0051ACD598C00B1BFA6 /* CSSStyleRule.h */ = {isa = PBXFileReference; lastKnownFileType = sourcecode.c.h; path = CSSStyleRule.h; sourceTree = "<group>"; };
		E88EA0061ACD598C00B1BFA6 /* CSSStyleSheet.h */ = {isa = PBXFileReference; lastKnownFileType = sourcecode.c.h; path = CSSStyleSheet.h; sourceTree = "<group>"; };
		E88EA0071ACD598C00B1BFA6 /* CSSValue.h */ = {isa = PBXFileReference; lastKnownFileType = sourcecode.c.h; path = CSSValue.h; sourceTree = "<group>"; };
		E88EA0081ACD598C00B1BFA6 /* CSSValue_ForSubclasses.h */ = {isa = PBXFileReference; lastKnownFileType = sourcecode.c.h; path = CSSValue_ForSubclasses.h; sourceTree = "<group>"; };
		E88EA0091ACD598C00B1BFA6 /* CSSValueList.h */ = {isa = PBXFileReference; lastKnownFileType = sourcecode.c.h; path = CSSValueList.h; sourceTree = "<group>"; };
		E88EA00A1ACD598C00B1BFA6 /* DDAbstractDatabaseLogger.h */ = {isa = PBXFileReference; lastKnownFileType = sourcecode.c.h; path = DDAbstractDatabaseLogger.h; sourceTree = "<group>"; };
		E88EA00B1ACD598C00B1BFA6 /* DDASLLogger.h */ = {isa = PBXFileReference; lastKnownFileType = sourcecode.c.h; path = DDASLLogger.h; sourceTree = "<group>"; };
		E88EA00C1ACD598C00B1BFA6 /* DDFileLogger.h */ = {isa = PBXFileReference; lastKnownFileType = sourcecode.c.h; path = DDFileLogger.h; sourceTree = "<group>"; };
		E88EA00D1ACD598C00B1BFA6 /* DDLog.h */ = {isa = PBXFileReference; lastKnownFileType = sourcecode.c.h; path = DDLog.h; sourceTree = "<group>"; };
		E88EA00E1ACD598C00B1BFA6 /* DDTTYLogger.h */ = {isa = PBXFileReference; lastKnownFileType = sourcecode.c.h; path = DDTTYLogger.h; sourceTree = "<group>"; };
		E88EA00F1ACD598C00B1BFA6 /* DispatchQueueLogFormatter.h */ = {isa = PBXFileReference; lastKnownFileType = sourcecode.c.h; path = DispatchQueueLogFormatter.h; sourceTree = "<group>"; };
		E88EA0101ACD598C00B1BFA6 /* Document+Mutable.h */ = {isa = PBXFileReference; lastKnownFileType = sourcecode.c.h; path = "Document+Mutable.h"; sourceTree = "<group>"; };
		E88EA0111ACD598C00B1BFA6 /* Document.h */ = {isa = PBXFileReference; lastKnownFileType = sourcecode.c.h; path = Document.h; sourceTree = "<group>"; };
		E88EA0121ACD598C00B1BFA6 /* DocumentCSS.h */ = {isa = PBXFileReference; lastKnownFileType = sourcecode.c.h; path = DocumentCSS.h; sourceTree = "<group>"; };
		E88EA0131ACD598C00B1BFA6 /* DocumentFragment.h */ = {isa = PBXFileReference; lastKnownFileType = sourcecode.c.h; path = DocumentFragment.h; sourceTree = "<group>"; };
		E88EA0141ACD598C00B1BFA6 /* DocumentStyle.h */ = {isa = PBXFileReference; lastKnownFileType = sourcecode.c.h; path = DocumentStyle.h; sourceTree = "<group>"; };
		E88EA0151ACD598C00B1BFA6 /* DocumentType.h */ = {isa = PBXFileReference; lastKnownFileType = sourcecode.c.h; path = DocumentType.h; sourceTree = "<group>"; };
		E88EA0161ACD598C00B1BFA6 /* DOMGlobalSettings.h */ = {isa = PBXFileReference; lastKnownFileType = sourcecode.c.h; path = DOMGlobalSettings.h; sourceTree = "<group>"; };
		E88EA0171ACD598C00B1BFA6 /* DOMHelperUtilities.h */ = {isa = PBXFileReference; lastKnownFileType = sourcecode.c.h; path = DOMHelperUtilities.h; sourceTree = "<group>"; };
		E88EA0181ACD598C00B1BFA6 /* Element.h */ = {isa = PBXFileReference; lastKnownFileType = sourcecode.c.h; path = Element.h; sourceTree = "<group>"; };
		E88EA0191ACD598C00B1BFA6 /* EntityReference.h */ = {isa = PBXFileReference; lastKnownFileType = sourcecode.c.h; path = EntityReference.h; sourceTree = "<group>"; };
		E88EA01A1ACD598C00B1BFA6 /* MediaList.h */ = {isa = PBXFileReference; lastKnownFileType = sourcecode.c.h; path = MediaList.h; sourceTree = "<group>"; };
		E88EA01B1ACD598C00B1BFA6 /* NamedNodeMap.h */ = {isa = PBXFileReference; lastKnownFileType = sourcecode.c.h; path = NamedNodeMap.h; sourceTree = "<group>"; };
		E88EA01C1ACD598C00B1BFA6 /* NamedNodeMap_Iterable.h */ = {isa = PBXFileReference; lastKnownFileType = sourcecode.c.h; path = NamedNodeMap_Iterable.h; sourceTree = "<group>"; };
		E88EA01D1ACD598C00B1BFA6 /* Node+Mutable.h */ = {isa = PBXFileReference; lastKnownFileType = sourcecode.c.h; path = "Node+Mutable.h"; sourceTree = "<group>"; };
		E88EA01E1ACD598C00B1BFA6 /* Node.h */ = {isa = PBXFileReference; lastKnownFileType = sourcecode.c.h; path = Node.h; sourceTree = "<group>"; };
		E88EA01F1ACD598C00B1BFA6 /* NodeList+Mutable.h */ = {isa = PBXFileReference; lastKnownFileType = sourcecode.c.h; path = "NodeList+Mutable.h"; sourceTree = "<group>"; };
		E88EA0201ACD598C00B1BFA6 /* NodeList.h */ = {isa = PBXFileReference; lastKnownFileType = sourcecode.c.h; path = NodeList.h; sourceTree = "<group>"; };
		E88EA0211ACD598C00B1BFA6 /* NSCharacterSet+SVGKExtensions.h */ = {isa = PBXFileReference; lastKnownFileType = sourcecode.c.h; path = "NSCharacterSet+SVGKExtensions.h"; sourceTree = "<group>"; };
		E88EA0221ACD598C00B1BFA6 /* NSData+NSInputStream.h */ = {isa = PBXFileReference; lastKnownFileType = sourcecode.c.h; path = "NSData+NSInputStream.h"; sourceTree = "<group>"; };
		E88EA0231ACD598C00B1BFA6 /* ProcessingInstruction.h */ = {isa = PBXFileReference; lastKnownFileType = sourcecode.c.h; path = ProcessingInstruction.h; sourceTree = "<group>"; };
		E88EA0241ACD598C00B1BFA6 /* StyleSheet.h */ = {isa = PBXFileReference; lastKnownFileType = sourcecode.c.h; path = StyleSheet.h; sourceTree = "<group>"; };
		E88EA0251ACD598C00B1BFA6 /* StyleSheetList.h */ = {isa = PBXFileReference; lastKnownFileType = sourcecode.c.h; path = StyleSheetList.h; sourceTree = "<group>"; };
		E88EA0261ACD598C00B1BFA6 /* SVGAngle.h */ = {isa = PBXFileReference; lastKnownFileType = sourcecode.c.h; path = SVGAngle.h; sourceTree = "<group>"; };
		E88EA0271ACD598C00B1BFA6 /* SVGAnimatedPreserveAspectRatio.h */ = {isa = PBXFileReference; lastKnownFileType = sourcecode.c.h; path = SVGAnimatedPreserveAspectRatio.h; sourceTree = "<group>"; };
		E88EA0281ACD598C00B1BFA6 /* SVGCircleElement.h */ = {isa = PBXFileReference; lastKnownFileType = sourcecode.c.h; path = SVGCircleElement.h; sourceTree = "<group>"; };
		E88EA0291ACD598C00B1BFA6 /* SVGClipPathElement.h */ = {isa = PBXFileReference; lastKnownFileType = sourcecode.c.h; path = SVGClipPathElement.h; sourceTree = "<group>"; };
		E88EA02A1ACD598C00B1BFA6 /* SVGDefsElement.h */ = {isa = PBXFileReference; lastKnownFileType = sourcecode.c.h; path = SVGDefsElement.h; sourceTree = "<group>"; };
		E88EA02B1ACD598C00B1BFA6 /* SVGDescriptionElement.h */ = {isa = PBXFileReference; lastKnownFileType = sourcecode.c.h; path = SVGDescriptionElement.h; sourceTree = "<group>"; };
		E88EA02C1ACD598C00B1BFA6 /* SVGDocument.h */ = {isa = PBXFileReference; lastKnownFileType = sourcecode.c.h; path = SVGDocument.h; sourceTree = "<group>"; };
		E88EA02D1ACD598C00B1BFA6 /* SVGDocument_Mutable.h */ = {isa = PBXFileReference; lastKnownFileType = sourcecode.c.h; path = SVGDocument_Mutable.h; sourceTree = "<group>"; };
		E88EA02E1ACD598C00B1BFA6 /* SVGElement.h */ = {isa = PBXFileReference; lastKnownFileType = sourcecode.c.h; path = SVGElement.h; sourceTree = "<group>"; };
		E88EA02F1ACD598C00B1BFA6 /* SVGElement_ForParser.h */ = {isa = PBXFileReference; lastKnownFileType = sourcecode.c.h; path = SVGElement_ForParser.h; sourceTree = "<group>"; };
		E88EA0301ACD598C00B1BFA6 /* SVGElementInstance.h */ = {isa = PBXFileReference; lastKnownFileType = sourcecode.c.h; path = SVGElementInstance.h; sourceTree = "<group>"; };
		E88EA0311ACD598C00B1BFA6 /* SVGElementInstance_Mutable.h */ = {isa = PBXFileReference; lastKnownFileType = sourcecode.c.h; path = SVGElementInstance_Mutable.h; sourceTree = "<group>"; };
		E88EA0321ACD598C00B1BFA6 /* SVGElementInstanceList.h */ = {isa = PBXFileReference; lastKnownFileType = sourcecode.c.h; path = SVGElementInstanceList.h; sourceTree = "<group>"; };
		E88EA0331ACD598C00B1BFA6 /* SVGElementInstanceList_Internal.h */ = {isa = PBXFileReference; lastKnownFileType = sourcecode.c.h; path = SVGElementInstanceList_Internal.h; sourceTree = "<group>"; };
		E88EA0341ACD598C00B1BFA6 /* SVGEllipseElement.h */ = {isa = PBXFileReference; lastKnownFileType = sourcecode.c.h; path = SVGEllipseElement.h; sourceTree = "<group>"; };
		E88EA0351ACD598C00B1BFA6 /* SVGFitToViewBox.h */ = {isa = PBXFileReference; lastKnownFileType = sourcecode.c.h; path = SVGFitToViewBox.h; sourceTree = "<group>"; };
		E88EA0361ACD598C00B1BFA6 /* SVGGElement.h */ = {isa = PBXFileReference; lastKnownFileType = sourcecode.c.h; path = SVGGElement.h; sourceTree = "<group>"; };
		E88EA0371ACD598C00B1BFA6 /* SVGGradientElement.h */ = {isa = PBXFileReference; lastKnownFileType = sourcecode.c.h; path = SVGGradientElement.h; sourceTree = "<group>"; };
		E88EA0381ACD598C00B1BFA6 /* SVGGradientLayer.h */ = {isa = PBXFileReference; lastKnownFileType = sourcecode.c.h; path = SVGGradientLayer.h; sourceTree = "<group>"; };
		E88EA0391ACD598C00B1BFA6 /* SVGGradientStop.h */ = {isa = PBXFileReference; lastKnownFileType = sourcecode.c.h; path = SVGGradientStop.h; sourceTree = "<group>"; };
		E88EA03A1ACD598C00B1BFA6 /* SVGGroupElement.h */ = {isa = PBXFileReference; lastKnownFileType = sourcecode.c.h; path = SVGGroupElement.h; sourceTree = "<group>"; };
		E88EA03B1ACD598C00B1BFA6 /* SVGHelperUtilities.h */ = {isa = PBXFileReference; lastKnownFileType = sourcecode.c.h; path = SVGHelperUtilities.h; sourceTree = "<group>"; };
		E88EA03C1ACD598C00B1BFA6 /* SVGImageElement.h */ = {isa = PBXFileReference; lastKnownFileType = sourcecode.c.h; path = SVGImageElement.h; sourceTree = "<group>"; };
		E88EA03D1ACD598C00B1BFA6 /* SVGKExporterNSData.h */ = {isa = PBXFileReference; lastKnownFileType = sourcecode.c.h; path = SVGKExporterNSData.h; sourceTree = "<group>"; };
		E88EA03E1ACD598C00B1BFA6 /* SVGKExporterUIImage.h */ = {isa = PBXFileReference; lastKnownFileType = sourcecode.c.h; path = SVGKExporterUIImage.h; sourceTree = "<group>"; };
		E88EA03F1ACD598C00B1BFA6 /* SVGKFastImageView.h */ = {isa = PBXFileReference; lastKnownFileType = sourcecode.c.h; path = SVGKFastImageView.h; sourceTree = "<group>"; };
		E88EA0401ACD598C00B1BFA6 /* SVGKImage+CGContext.h */ = {isa = PBXFileReference; lastKnownFileType = sourcecode.c.h; path = "SVGKImage+CGContext.h"; sourceTree = "<group>"; };
		E88EA0411ACD598C00B1BFA6 /* SVGKImage.h */ = {isa = PBXFileReference; lastKnownFileType = sourcecode.c.h; path = SVGKImage.h; sourceTree = "<group>"; };
		E88EA0421ACD598C00B1BFA6 /* SVGKImageView.h */ = {isa = PBXFileReference; lastKnownFileType = sourcecode.c.h; path = SVGKImageView.h; sourceTree = "<group>"; };
		E88EA0431ACD598C00B1BFA6 /* SVGKit.h */ = {isa = PBXFileReference; lastKnownFileType = sourcecode.c.h; path = SVGKit.h; sourceTree = "<group>"; };
		E88EA0441ACD598C00B1BFA6 /* SVGKLayer.h */ = {isa = PBXFileReference; lastKnownFileType = sourcecode.c.h; path = SVGKLayer.h; sourceTree = "<group>"; };
		E88EA0451ACD598C00B1BFA6 /* SVGKLayeredImageView.h */ = {isa = PBXFileReference; lastKnownFileType = sourcecode.c.h; path = SVGKLayeredImageView.h; sourceTree = "<group>"; };
		E88EA0461ACD598C00B1BFA6 /* SVGKParser.h */ = {isa = PBXFileReference; lastKnownFileType = sourcecode.c.h; path = SVGKParser.h; sourceTree = "<group>"; };
		E88EA0471ACD598C00B1BFA6 /* SVGKParserDefsAndUse.h */ = {isa = PBXFileReference; lastKnownFileType = sourcecode.c.h; path = SVGKParserDefsAndUse.h; sourceTree = "<group>"; };
		E88EA0481ACD598C00B1BFA6 /* SVGKParserDOM.h */ = {isa = PBXFileReference; lastKnownFileType = sourcecode.c.h; path = SVGKParserDOM.h; sourceTree = "<group>"; };
		E88EA0491ACD598C00B1BFA6 /* SVGKParseResult.h */ = {isa = PBXFileReference; lastKnownFileType = sourcecode.c.h; path = SVGKParseResult.h; sourceTree = "<group>"; };
		E88EA04A1ACD598C00B1BFA6 /* SVGKParserExtension.h */ = {isa = PBXFileReference; lastKnownFileType = sourcecode.c.h; path = SVGKParserExtension.h; sourceTree = "<group>"; };
		E88EA04B1ACD598C00B1BFA6 /* SVGKParserGradient.h */ = {isa = PBXFileReference; lastKnownFileType = sourcecode.c.h; path = SVGKParserGradient.h; sourceTree = "<group>"; };
		E88EA04C1ACD598C00B1BFA6 /* SVGKParserPatternsAndGradients.h */ = {isa = PBXFileReference; lastKnownFileType = sourcecode.c.h; path = SVGKParserPatternsAndGradients.h; sourceTree = "<group>"; };
		E88EA04D1ACD598C00B1BFA6 /* SVGKParserStyles.h */ = {isa = PBXFileReference; lastKnownFileType = sourcecode.c.h; path = SVGKParserStyles.h; sourceTree = "<group>"; };
		E88EA04E1ACD598C00B1BFA6 /* SVGKParserSVG.h */ = {isa = PBXFileReference; lastKnownFileType = sourcecode.c.h; path = SVGKParserSVG.h; sourceTree = "<group>"; };
		E88EA04F1ACD598C00B1BFA6 /* SVGKPattern.h */ = {isa = PBXFileReference; lastKnownFileType = sourcecode.c.h; path = SVGKPattern.h; sourceTree = "<group>"; };
		E88EA0501ACD598C00B1BFA6 /* SVGKPointsAndPathsParser.h */ = {isa = PBXFileReference; lastKnownFileType = sourcecode.c.h; path = SVGKPointsAndPathsParser.h; sourceTree = "<group>"; };
		E88EA0511ACD598C00B1BFA6 /* SVGKSource.h */ = {isa = PBXFileReference; lastKnownFileType = sourcecode.c.h; path = SVGKSource.h; sourceTree = "<group>"; };
		E88EA0521ACD598C00B1BFA6 /* SVGKSourceLocalFile.h */ = {isa = PBXFileReference; lastKnownFileType = sourcecode.c.h; path = SVGKSourceLocalFile.h; sourceTree = "<group>"; };
		E88EA0531ACD598C00B1BFA6 /* SVGKSourceNSData.h */ = {isa = PBXFileReference; lastKnownFileType = sourcecode.c.h; path = SVGKSourceNSData.h; sourceTree = "<group>"; };
		E88EA0541ACD598C00B1BFA6 /* SVGKSourceString.h */ = {isa = PBXFileReference; lastKnownFileType = sourcecode.c.h; path = SVGKSourceString.h; sourceTree = "<group>"; };
		E88EA0551ACD598C00B1BFA6 /* SVGKSourceURL.h */ = {isa = PBXFileReference; lastKnownFileType = sourcecode.c.h; path = SVGKSourceURL.h; sourceTree = "<group>"; };
		E88EA0561ACD598C00B1BFA6 /* SVGLength.h */ = {isa = PBXFileReference; lastKnownFileType = sourcecode.c.h; path = SVGLength.h; sourceTree = "<group>"; };
		E88EA0571ACD598C00B1BFA6 /* SVGLineElement.h */ = {isa = PBXFileReference; lastKnownFileType = sourcecode.c.h; path = SVGLineElement.h; sourceTree = "<group>"; };
		E88EA0581ACD598C00B1BFA6 /* SVGMatrix.h */ = {isa = PBXFileReference; lastKnownFileType = sourcecode.c.h; path = SVGMatrix.h; sourceTree = "<group>"; };
		E88EA0591ACD598C00B1BFA6 /* SVGNumber.h */ = {isa = PBXFileReference; lastKnownFileType = sourcecode.c.h; path = SVGNumber.h; sourceTree = "<group>"; };
		E88EA05A1ACD598C00B1BFA6 /* SVGPathElement.h */ = {isa = PBXFileReference; lastKnownFileType = sourcecode.c.h; path = SVGPathElement.h; sourceTree = "<group>"; };
		E88EA05B1ACD598C00B1BFA6 /* SVGPoint.h */ = {isa = PBXFileReference; lastKnownFileType = sourcecode.c.h; path = SVGPoint.h; sourceTree = "<group>"; };
		E88EA05C1ACD598C00B1BFA6 /* SVGPolygonElement.h */ = {isa = PBXFileReference; lastKnownFileType = sourcecode.c.h; path = SVGPolygonElement.h; sourceTree = "<group>"; };
		E88EA05D1ACD598C00B1BFA6 /* SVGPolylineElement.h */ = {isa = PBXFileReference; lastKnownFileType = sourcecode.c.h; path = SVGPolylineElement.h; sourceTree = "<group>"; };
		E88EA05E1ACD598C00B1BFA6 /* SVGPreserveAspectRatio.h */ = {isa = PBXFileReference; lastKnownFileType = sourcecode.c.h; path = SVGPreserveAspectRatio.h; sourceTree = "<group>"; };
		E88EA05F1ACD598C00B1BFA6 /* SVGRect.h */ = {isa = PBXFileReference; lastKnownFileType = sourcecode.c.h; path = SVGRect.h; sourceTree = "<group>"; };
		E88EA0601ACD598C00B1BFA6 /* SVGRectElement.h */ = {isa = PBXFileReference; lastKnownFileType = sourcecode.c.h; path = SVGRectElement.h; sourceTree = "<group>"; };
		E88EA0611ACD598C00B1BFA6 /* SVGStylable.h */ = {isa = PBXFileReference; lastKnownFileType = sourcecode.c.h; path = SVGStylable.h; sourceTree = "<group>"; };
		E88EA0621ACD598C00B1BFA6 /* SVGStyleCatcher.h */ = {isa = PBXFileReference; lastKnownFileType = sourcecode.c.h; path = SVGStyleCatcher.h; sourceTree = "<group>"; };
		E88EA0631ACD598C00B1BFA6 /* SVGStyleElement.h */ = {isa = PBXFileReference; lastKnownFileType = sourcecode.c.h; path = SVGStyleElement.h; sourceTree = "<group>"; };
		E88EA0641ACD598C00B1BFA6 /* SVGSVGElement.h */ = {isa = PBXFileReference; lastKnownFileType = sourcecode.c.h; path = SVGSVGElement.h; sourceTree = "<group>"; };
		E88EA0651ACD598C00B1BFA6 /* SVGSVGElement_Mutable.h */ = {isa = PBXFileReference; lastKnownFileType = sourcecode.c.h; path = SVGSVGElement_Mutable.h; sourceTree = "<group>"; };
		E88EA0661ACD598C00B1BFA6 /* SVGTextContentElement.h */ = {isa = PBXFileReference; lastKnownFileType = sourcecode.c.h; path = SVGTextContentElement.h; sourceTree = "<group>"; };
		E88EA0671ACD598C00B1BFA6 /* SVGTextElement.h */ = {isa = PBXFileReference; lastKnownFileType = sourcecode.c.h; path = SVGTextElement.h; sourceTree = "<group>"; };
		E88EA0681ACD598C00B1BFA6 /* SVGTextPositioningElement.h */ = {isa = PBXFileReference; lastKnownFileType = sourcecode.c.h; path = SVGTextPositioningElement.h; sourceTree = "<group>"; };
		E88EA0691ACD598C00B1BFA6 /* SVGTextPositioningElement_Mutable.h */ = {isa = PBXFileReference; lastKnownFileType = sourcecode.c.h; path = SVGTextPositioningElement_Mutable.h; sourceTree = "<group>"; };
		E88EA06A1ACD598C00B1BFA6 /* SVGTitleElement.h */ = {isa = PBXFileReference; lastKnownFileType = sourcecode.c.h; path = SVGTitleElement.h; sourceTree = "<group>"; };
		E88EA06B1ACD598C00B1BFA6 /* SVGTransform.h */ = {isa = PBXFileReference; lastKnownFileType = sourcecode.c.h; path = SVGTransform.h; sourceTree = "<group>"; };
		E88EA06C1ACD598C00B1BFA6 /* SVGTransformable.h */ = {isa = PBXFileReference; lastKnownFileType = sourcecode.c.h; path = SVGTransformable.h; sourceTree = "<group>"; };
		E88EA06D1ACD598C00B1BFA6 /* SVGUnitTypes.h */ = {isa = PBXFileReference; lastKnownFileType = sourcecode.c.h; path = SVGUnitTypes.h; sourceTree = "<group>"; };
		E88EA06E1ACD598C00B1BFA6 /* SVGUseElement.h */ = {isa = PBXFileReference; lastKnownFileType = sourcecode.c.h; path = SVGUseElement.h; sourceTree = "<group>"; };
		E88EA06F1ACD598C00B1BFA6 /* SVGUseElement_Mutable.h */ = {isa = PBXFileReference; lastKnownFileType = sourcecode.c.h; path = SVGUseElement_Mutable.h; sourceTree = "<group>"; };
		E88EA0701ACD598C00B1BFA6 /* SVGUtils.h */ = {isa = PBXFileReference; lastKnownFileType = sourcecode.c.h; path = SVGUtils.h; sourceTree = "<group>"; };
		E88EA0711ACD598C00B1BFA6 /* SVGViewSpec.h */ = {isa = PBXFileReference; lastKnownFileType = sourcecode.c.h; path = SVGViewSpec.h; sourceTree = "<group>"; };
		E88EA0721ACD598C00B1BFA6 /* Text.h */ = {isa = PBXFileReference; lastKnownFileType = sourcecode.c.h; path = Text.h; sourceTree = "<group>"; };
		E88EA0731ACD598C00B1BFA6 /* TinySVGTextAreaElement.h */ = {isa = PBXFileReference; lastKnownFileType = sourcecode.c.h; path = TinySVGTextAreaElement.h; sourceTree = "<group>"; };
		E88EA0F81ACD5A7300B1BFA6 /* libSVGKit-iOS.1.2.0.a */ = {isa = PBXFileReference; lastKnownFileType = archive.ar; name = "libSVGKit-iOS.1.2.0.a"; path = "SVGKit/libSVGKit-iOS.1.2.0.a"; sourceTree = "<group>"; };
		E8F5D2061ACC0D76001786D3 /* ComGeraudbourdinSvgviewView.h */ = {isa = PBXFileReference; fileEncoding = 4; lastKnownFileType = sourcecode.c.h; name = ComGeraudbourdinSvgviewView.h; path = Classes/ComGeraudbourdinSvgviewView.h; sourceTree = "<group>"; };
		E8F5D2071ACC0D76001786D3 /* ComGeraudbourdinSvgviewView.m */ = {isa = PBXFileReference; fileEncoding = 4; lastKnownFileType = sourcecode.c.objc; name = ComGeraudbourdinSvgviewView.m; path = Classes/ComGeraudbourdinSvgviewView.m; sourceTree = "<group>"; };
		E8F5D2081ACC0D76001786D3 /* ComGeraudbourdinSvgviewViewProxy.h */ = {isa = PBXFileReference; fileEncoding = 4; lastKnownFileType = sourcecode.c.h; name = ComGeraudbourdinSvgviewViewProxy.h; path = Classes/ComGeraudbourdinSvgviewViewProxy.h; sourceTree = "<group>"; };
		E8F5D2091ACC0D76001786D3 /* ComGeraudbourdinSvgviewViewProxy.m */ = {isa = PBXFileReference; fileEncoding = 4; lastKnownFileType = sourcecode.c.objc; name = ComGeraudbourdinSvgviewViewProxy.m; path = Classes/ComGeraudbourdinSvgviewViewProxy.m; sourceTree = "<group>"; };
		E8F5D3191ACC101C001786D3 /* CoreText.framework */ = {isa = PBXFileReference; lastKnownFileType = wrapper.framework; name = CoreText.framework; path = System/Library/Frameworks/CoreText.framework; sourceTree = SDKROOT; };
		E8F5D31B1ACC1027001786D3 /* CoreImage.framework */ = {isa = PBXFileReference; lastKnownFileType = wrapper.framework; name = CoreImage.framework; path = System/Library/Frameworks/CoreImage.framework; sourceTree = SDKROOT; };
		E8F5D31D1ACC1034001786D3 /* libxml2.dylib */ = {isa = PBXFileReference; lastKnownFileType = "compiled.mach-o.dylib"; name = libxml2.dylib; path = usr/lib/libxml2.dylib; sourceTree = SDKROOT; };
		E8F5D31F1ACC103D001786D3 /* QuartzCore.framework */ = {isa = PBXFileReference; lastKnownFileType = wrapper.framework; name = QuartzCore.framework; path = System/Library/Frameworks/QuartzCore.framework; sourceTree = SDKROOT; };
		E8F5D3211ACC1045001786D3 /* CoreGraphics.framework */ = {isa = PBXFileReference; lastKnownFileType = wrapper.framework; name = CoreGraphics.framework; path = System/Library/Frameworks/CoreGraphics.framework; sourceTree = SDKROOT; };
		E8F5D3231ACC104E001786D3 /* UIKit.framework */ = {isa = PBXFileReference; lastKnownFileType = wrapper.framework; name = UIKit.framework; path = System/Library/Frameworks/UIKit.framework; sourceTree = SDKROOT; };
/* End PBXFileReference section */

/* Begin PBXFrameworksBuildPhase section */
		D2AAC07C0554694100DB518D /* Frameworks */ = {
			isa = PBXFrameworksBuildPhase;
			buildActionMask = 2147483647;
			files = (
				E88EA0F91ACD5A7300B1BFA6 /* libSVGKit-iOS.1.2.0.a in Frameworks */,
				E8F5D3241ACC104E001786D3 /* UIKit.framework in Frameworks */,
				E8F5D3221ACC1045001786D3 /* CoreGraphics.framework in Frameworks */,
				E8F5D3201ACC103D001786D3 /* QuartzCore.framework in Frameworks */,
				E8F5D31E1ACC1034001786D3 /* libxml2.dylib in Frameworks */,
				E8F5D31C1ACC1027001786D3 /* CoreImage.framework in Frameworks */,
				E8F5D31A1ACC101C001786D3 /* CoreText.framework in Frameworks */,
				AACBBE4A0F95108600F1A2B1 /* Foundation.framework in Frameworks */,
			);
			runOnlyForDeploymentPostprocessing = 0;
		};
/* End PBXFrameworksBuildPhase section */

/* Begin PBXGroup section */
		034768DFFF38A50411DB9C8B /* Products */ = {
			isa = PBXGroup;
			children = (
				D2AAC07E0554694100DB518D /* libComGeraudbourdinSvgview.a */,
			);
			name = Products;
			sourceTree = "<group>";
		};
		0867D691FE84028FC02AAC07 /* svg-ios */ = {
			isa = PBXGroup;
			children = (
				E8F5D20F1ACC0EAA001786D3 /* SVGKit */,
				08FB77AEFE84172EC02AAC07 /* Classes */,
				32C88DFF0371C24200C91783 /* Other Sources */,
				0867D69AFE84028FC02AAC07 /* Frameworks */,
				034768DFFF38A50411DB9C8B /* Products */,
			);
			name = "svg-ios";
			sourceTree = "<group>";
		};
		0867D69AFE84028FC02AAC07 /* Frameworks */ = {
			isa = PBXGroup;
			children = (
				E88EA0F81ACD5A7300B1BFA6 /* libSVGKit-iOS.1.2.0.a */,
				E8F5D3231ACC104E001786D3 /* UIKit.framework */,
				E8F5D3211ACC1045001786D3 /* CoreGraphics.framework */,
				E8F5D31F1ACC103D001786D3 /* QuartzCore.framework */,
				E8F5D31D1ACC1034001786D3 /* libxml2.dylib */,
				E8F5D31B1ACC1027001786D3 /* CoreImage.framework */,
				E8F5D3191ACC101C001786D3 /* CoreText.framework */,
				AACBBE490F95108600F1A2B1 /* Foundation.framework */,
			);
			name = Frameworks;
			sourceTree = "<group>";
		};
		08FB77AEFE84172EC02AAC07 /* Classes */ = {
			isa = PBXGroup;
			children = (
				E8F5D2061ACC0D76001786D3 /* ComGeraudbourdinSvgviewView.h */,
				E8F5D2071ACC0D76001786D3 /* ComGeraudbourdinSvgviewView.m */,
				E8F5D2081ACC0D76001786D3 /* ComGeraudbourdinSvgviewViewProxy.h */,
				E8F5D2091ACC0D76001786D3 /* ComGeraudbourdinSvgviewViewProxy.m */,
				24DE9E0F11C5FE74003F90F6 /* ComGeraudbourdinSvgviewModuleAssets.h */,
				24DE9E1011C5FE74003F90F6 /* ComGeraudbourdinSvgviewModuleAssets.m */,
				24DD6CF71134B3F500162E58 /* ComGeraudbourdinSvgviewModule.h */,
				24DD6CF81134B3F500162E58 /* ComGeraudbourdinSvgviewModule.m */,
			);
			name = Classes;
			sourceTree = "<group>";
		};
		32C88DFF0371C24200C91783 /* Other Sources */ = {
			isa = PBXGroup;
			children = (
				AA747D9E0F9514B9006C5449 /* ComGeraudbourdinSvgview_Prefix.pch */,
				24DD6D1B1134B66800162E58 /* titanium.xcconfig */,
			);
			name = "Other Sources";
			sourceTree = "<group>";
		};
		E88E9FEF1ACD598C00B1BFA6 /* lib */ = {
			isa = PBXGroup;
			children = (
				E88E9FF01ACD598C00B1BFA6 /* AppleSucksDOMImplementation.h */,
				E88E9FF11ACD598C00B1BFA6 /* Attr.h */,
				E88E9FF21ACD598C00B1BFA6 /* BaseClassForAllSVGBasicShapes.h */,
				E88E9FF31ACD598C00B1BFA6 /* BaseClassForAllSVGBasicShapes_ForSubclasses.h */,
				E88E9FF41ACD598C00B1BFA6 /* CALayer+RecursiveClone.h */,
				E88E9FF51ACD598C00B1BFA6 /* CALayerExporter.h */,
				E88E9FF61ACD598C00B1BFA6 /* CALayerWithChildHitTest.h */,
				E88E9FF71ACD598C00B1BFA6 /* CALayerWithClipRender.h */,
				E88E9FF81ACD598C00B1BFA6 /* CAShapeLayerWithClipRender.h */,
				E88E9FF91ACD598C00B1BFA6 /* CAShapeLayerWithHitTest.h */,
				E88E9FFA1ACD598C00B1BFA6 /* CDATASection.h */,
				E88E9FFB1ACD598C00B1BFA6 /* CGPathAdditions.h */,
				E88E9FFC1ACD598C00B1BFA6 /* CharacterData.h */,
				E88E9FFD1ACD598C00B1BFA6 /* Comment.h */,
				E88E9FFE1ACD598C00B1BFA6 /* ContextFilterLogFormatter.h */,
				E88E9FFF1ACD598C00B1BFA6 /* ConverterSVGToCALayer.h */,
				E88EA0001ACD598C00B1BFA6 /* CSSPrimitiveValue.h */,
				E88EA0011ACD598C00B1BFA6 /* CSSRule.h */,
				E88EA0021ACD598C00B1BFA6 /* CSSRuleList+Mutable.h */,
				E88EA0031ACD598C00B1BFA6 /* CSSRuleList.h */,
				E88EA0041ACD598C00B1BFA6 /* CSSStyleDeclaration.h */,
				E88EA0051ACD598C00B1BFA6 /* CSSStyleRule.h */,
				E88EA0061ACD598C00B1BFA6 /* CSSStyleSheet.h */,
				E88EA0071ACD598C00B1BFA6 /* CSSValue.h */,
				E88EA0081ACD598C00B1BFA6 /* CSSValue_ForSubclasses.h */,
				E88EA0091ACD598C00B1BFA6 /* CSSValueList.h */,
				E88EA00A1ACD598C00B1BFA6 /* DDAbstractDatabaseLogger.h */,
				E88EA00B1ACD598C00B1BFA6 /* DDASLLogger.h */,
				E88EA00C1ACD598C00B1BFA6 /* DDFileLogger.h */,
				E88EA00D1ACD598C00B1BFA6 /* DDLog.h */,
				E88EA00E1ACD598C00B1BFA6 /* DDTTYLogger.h */,
				E88EA00F1ACD598C00B1BFA6 /* DispatchQueueLogFormatter.h */,
				E88EA0101ACD598C00B1BFA6 /* Document+Mutable.h */,
				E88EA0111ACD598C00B1BFA6 /* Document.h */,
				E88EA0121ACD598C00B1BFA6 /* DocumentCSS.h */,
				E88EA0131ACD598C00B1BFA6 /* DocumentFragment.h */,
				E88EA0141ACD598C00B1BFA6 /* DocumentStyle.h */,
				E88EA0151ACD598C00B1BFA6 /* DocumentType.h */,
				E88EA0161ACD598C00B1BFA6 /* DOMGlobalSettings.h */,
				E88EA0171ACD598C00B1BFA6 /* DOMHelperUtilities.h */,
				E88EA0181ACD598C00B1BFA6 /* Element.h */,
				E88EA0191ACD598C00B1BFA6 /* EntityReference.h */,
				E88EA01A1ACD598C00B1BFA6 /* MediaList.h */,
				E88EA01B1ACD598C00B1BFA6 /* NamedNodeMap.h */,
				E88EA01C1ACD598C00B1BFA6 /* NamedNodeMap_Iterable.h */,
				E88EA01D1ACD598C00B1BFA6 /* Node+Mutable.h */,
				E88EA01E1ACD598C00B1BFA6 /* Node.h */,
				E88EA01F1ACD598C00B1BFA6 /* NodeList+Mutable.h */,
				E88EA0201ACD598C00B1BFA6 /* NodeList.h */,
				E88EA0211ACD598C00B1BFA6 /* NSCharacterSet+SVGKExtensions.h */,
				E88EA0221ACD598C00B1BFA6 /* NSData+NSInputStream.h */,
				E88EA0231ACD598C00B1BFA6 /* ProcessingInstruction.h */,
				E88EA0241ACD598C00B1BFA6 /* StyleSheet.h */,
				E88EA0251ACD598C00B1BFA6 /* StyleSheetList.h */,
				E88EA0261ACD598C00B1BFA6 /* SVGAngle.h */,
				E88EA0271ACD598C00B1BFA6 /* SVGAnimatedPreserveAspectRatio.h */,
				E88EA0281ACD598C00B1BFA6 /* SVGCircleElement.h */,
				E88EA0291ACD598C00B1BFA6 /* SVGClipPathElement.h */,
				E88EA02A1ACD598C00B1BFA6 /* SVGDefsElement.h */,
				E88EA02B1ACD598C00B1BFA6 /* SVGDescriptionElement.h */,
				E88EA02C1ACD598C00B1BFA6 /* SVGDocument.h */,
				E88EA02D1ACD598C00B1BFA6 /* SVGDocument_Mutable.h */,
				E88EA02E1ACD598C00B1BFA6 /* SVGElement.h */,
				E88EA02F1ACD598C00B1BFA6 /* SVGElement_ForParser.h */,
				E88EA0301ACD598C00B1BFA6 /* SVGElementInstance.h */,
				E88EA0311ACD598C00B1BFA6 /* SVGElementInstance_Mutable.h */,
				E88EA0321ACD598C00B1BFA6 /* SVGElementInstanceList.h */,
				E88EA0331ACD598C00B1BFA6 /* SVGElementInstanceList_Internal.h */,
				E88EA0341ACD598C00B1BFA6 /* SVGEllipseElement.h */,
				E88EA0351ACD598C00B1BFA6 /* SVGFitToViewBox.h */,
				E88EA0361ACD598C00B1BFA6 /* SVGGElement.h */,
				E88EA0371ACD598C00B1BFA6 /* SVGGradientElement.h */,
				E88EA0381ACD598C00B1BFA6 /* SVGGradientLayer.h */,
				E88EA0391ACD598C00B1BFA6 /* SVGGradientStop.h */,
				E88EA03A1ACD598C00B1BFA6 /* SVGGroupElement.h */,
				E88EA03B1ACD598C00B1BFA6 /* SVGHelperUtilities.h */,
				E88EA03C1ACD598C00B1BFA6 /* SVGImageElement.h */,
				E88EA03D1ACD598C00B1BFA6 /* SVGKExporterNSData.h */,
				E88EA03E1ACD598C00B1BFA6 /* SVGKExporterUIImage.h */,
				E88EA03F1ACD598C00B1BFA6 /* SVGKFastImageView.h */,
				E88EA0401ACD598C00B1BFA6 /* SVGKImage+CGContext.h */,
				E88EA0411ACD598C00B1BFA6 /* SVGKImage.h */,
				E88EA0421ACD598C00B1BFA6 /* SVGKImageView.h */,
				E88EA0431ACD598C00B1BFA6 /* SVGKit.h */,
				E88EA0441ACD598C00B1BFA6 /* SVGKLayer.h */,
				E88EA0451ACD598C00B1BFA6 /* SVGKLayeredImageView.h */,
				E88EA0461ACD598C00B1BFA6 /* SVGKParser.h */,
				E88EA0471ACD598C00B1BFA6 /* SVGKParserDefsAndUse.h */,
				E88EA0481ACD598C00B1BFA6 /* SVGKParserDOM.h */,
				E88EA0491ACD598C00B1BFA6 /* SVGKParseResult.h */,
				E88EA04A1ACD598C00B1BFA6 /* SVGKParserExtension.h */,
				E88EA04B1ACD598C00B1BFA6 /* SVGKParserGradient.h */,
				E88EA04C1ACD598C00B1BFA6 /* SVGKParserPatternsAndGradients.h */,
				E88EA04D1ACD598C00B1BFA6 /* SVGKParserStyles.h */,
				E88EA04E1ACD598C00B1BFA6 /* SVGKParserSVG.h */,
				E88EA04F1ACD598C00B1BFA6 /* SVGKPattern.h */,
				E88EA0501ACD598C00B1BFA6 /* SVGKPointsAndPathsParser.h */,
				E88EA0511ACD598C00B1BFA6 /* SVGKSource.h */,
				E88EA0521ACD598C00B1BFA6 /* SVGKSourceLocalFile.h */,
				E88EA0531ACD598C00B1BFA6 /* SVGKSourceNSData.h */,
				E88EA0541ACD598C00B1BFA6 /* SVGKSourceString.h */,
				E88EA0551ACD598C00B1BFA6 /* SVGKSourceURL.h */,
				E88EA0561ACD598C00B1BFA6 /* SVGLength.h */,
				E88EA0571ACD598C00B1BFA6 /* SVGLineElement.h */,
				E88EA0581ACD598C00B1BFA6 /* SVGMatrix.h */,
				E88EA0591ACD598C00B1BFA6 /* SVGNumber.h */,
				E88EA05A1ACD598C00B1BFA6 /* SVGPathElement.h */,
				E88EA05B1ACD598C00B1BFA6 /* SVGPoint.h */,
				E88EA05C1ACD598C00B1BFA6 /* SVGPolygonElement.h */,
				E88EA05D1ACD598C00B1BFA6 /* SVGPolylineElement.h */,
				E88EA05E1ACD598C00B1BFA6 /* SVGPreserveAspectRatio.h */,
				E88EA05F1ACD598C00B1BFA6 /* SVGRect.h */,
				E88EA0601ACD598C00B1BFA6 /* SVGRectElement.h */,
				E88EA0611ACD598C00B1BFA6 /* SVGStylable.h */,
				E88EA0621ACD598C00B1BFA6 /* SVGStyleCatcher.h */,
				E88EA0631ACD598C00B1BFA6 /* SVGStyleElement.h */,
				E88EA0641ACD598C00B1BFA6 /* SVGSVGElement.h */,
				E88EA0651ACD598C00B1BFA6 /* SVGSVGElement_Mutable.h */,
				E88EA0661ACD598C00B1BFA6 /* SVGTextContentElement.h */,
				E88EA0671ACD598C00B1BFA6 /* SVGTextElement.h */,
				E88EA0681ACD598C00B1BFA6 /* SVGTextPositioningElement.h */,
				E88EA0691ACD598C00B1BFA6 /* SVGTextPositioningElement_Mutable.h */,
				E88EA06A1ACD598C00B1BFA6 /* SVGTitleElement.h */,
				E88EA06B1ACD598C00B1BFA6 /* SVGTransform.h */,
				E88EA06C1ACD598C00B1BFA6 /* SVGTransformable.h */,
				E88EA06D1ACD598C00B1BFA6 /* SVGUnitTypes.h */,
				E88EA06E1ACD598C00B1BFA6 /* SVGUseElement.h */,
				E88EA06F1ACD598C00B1BFA6 /* SVGUseElement_Mutable.h */,
				E88EA0701ACD598C00B1BFA6 /* SVGUtils.h */,
				E88EA0711ACD598C00B1BFA6 /* SVGViewSpec.h */,
				E88EA0721ACD598C00B1BFA6 /* Text.h */,
				E88EA0731ACD598C00B1BFA6 /* TinySVGTextAreaElement.h */,
			);
			path = lib;
			sourceTree = "<group>";
		};
		E8F5D20F1ACC0EAA001786D3 /* SVGKit */ = {
			isa = PBXGroup;
			children = (
				E88E9FEF1ACD598C00B1BFA6 /* lib */,
			);
			path = SVGKit;
			sourceTree = "<group>";
		};
/* End PBXGroup section */

/* Begin PBXHeadersBuildPhase section */
		D2AAC07A0554694100DB518D /* Headers */ = {
			isa = PBXHeadersBuildPhase;
			buildActionMask = 2147483647;
			files = (
				E88EA0741ACD5A0400B1BFA6 /* AppleSucksDOMImplementation.h in Headers */,
				E88EA0751ACD5A0400B1BFA6 /* Attr.h in Headers */,
				E88EA0761ACD5A0400B1BFA6 /* BaseClassForAllSVGBasicShapes.h in Headers */,
				E88EA0771ACD5A0400B1BFA6 /* BaseClassForAllSVGBasicShapes_ForSubclasses.h in Headers */,
				E88EA0781ACD5A0400B1BFA6 /* CALayer+RecursiveClone.h in Headers */,
				E88EA0791ACD5A0400B1BFA6 /* CALayerExporter.h in Headers */,
				E88EA07A1ACD5A0400B1BFA6 /* CALayerWithChildHitTest.h in Headers */,
				E88EA07B1ACD5A0400B1BFA6 /* CALayerWithClipRender.h in Headers */,
				E88EA07C1ACD5A0400B1BFA6 /* CAShapeLayerWithClipRender.h in Headers */,
				E88EA07D1ACD5A0400B1BFA6 /* CAShapeLayerWithHitTest.h in Headers */,
				E88EA07E1ACD5A0400B1BFA6 /* CDATASection.h in Headers */,
				E88EA07F1ACD5A0400B1BFA6 /* CGPathAdditions.h in Headers */,
				E88EA0801ACD5A0400B1BFA6 /* CharacterData.h in Headers */,
				E88EA0811ACD5A0400B1BFA6 /* Comment.h in Headers */,
				E88EA0821ACD5A0400B1BFA6 /* ContextFilterLogFormatter.h in Headers */,
				E88EA0831ACD5A0400B1BFA6 /* ConverterSVGToCALayer.h in Headers */,
				E88EA0841ACD5A0400B1BFA6 /* CSSPrimitiveValue.h in Headers */,
				E88EA0851ACD5A0400B1BFA6 /* CSSRule.h in Headers */,
				E88EA0861ACD5A0400B1BFA6 /* CSSRuleList+Mutable.h in Headers */,
				E88EA0871ACD5A0400B1BFA6 /* CSSRuleList.h in Headers */,
				E88EA0881ACD5A0400B1BFA6 /* CSSStyleDeclaration.h in Headers */,
				E88EA0891ACD5A0400B1BFA6 /* CSSStyleRule.h in Headers */,
				E88EA08A1ACD5A0400B1BFA6 /* CSSStyleSheet.h in Headers */,
				E88EA08B1ACD5A0400B1BFA6 /* CSSValue.h in Headers */,
				E88EA08C1ACD5A0400B1BFA6 /* CSSValue_ForSubclasses.h in Headers */,
				E88EA08D1ACD5A0400B1BFA6 /* CSSValueList.h in Headers */,
				E88EA08E1ACD5A0400B1BFA6 /* DDAbstractDatabaseLogger.h in Headers */,
				E88EA08F1ACD5A0400B1BFA6 /* DDASLLogger.h in Headers */,
				E88EA0901ACD5A0400B1BFA6 /* DDFileLogger.h in Headers */,
				E88EA0911ACD5A0400B1BFA6 /* DDLog.h in Headers */,
				E88EA0921ACD5A0400B1BFA6 /* DDTTYLogger.h in Headers */,
				E88EA0931ACD5A0400B1BFA6 /* DispatchQueueLogFormatter.h in Headers */,
				E88EA0941ACD5A0400B1BFA6 /* Document+Mutable.h in Headers */,
				E88EA0951ACD5A0400B1BFA6 /* Document.h in Headers */,
				E88EA0961ACD5A0400B1BFA6 /* DocumentCSS.h in Headers */,
				E88EA0971ACD5A0500B1BFA6 /* DocumentFragment.h in Headers */,
				E88EA0981ACD5A0500B1BFA6 /* DocumentStyle.h in Headers */,
				E88EA0991ACD5A0500B1BFA6 /* DocumentType.h in Headers */,
				E88EA09A1ACD5A0500B1BFA6 /* DOMGlobalSettings.h in Headers */,
				E88EA09B1ACD5A0500B1BFA6 /* DOMHelperUtilities.h in Headers */,
				E88EA09C1ACD5A0500B1BFA6 /* Element.h in Headers */,
				E88EA09D1ACD5A0500B1BFA6 /* EntityReference.h in Headers */,
				E88EA09E1ACD5A0500B1BFA6 /* MediaList.h in Headers */,
				E88EA09F1ACD5A0500B1BFA6 /* NamedNodeMap.h in Headers */,
				E88EA0A01ACD5A0500B1BFA6 /* NamedNodeMap_Iterable.h in Headers */,
				E88EA0A11ACD5A0500B1BFA6 /* Node+Mutable.h in Headers */,
				E88EA0A21ACD5A0500B1BFA6 /* Node.h in Headers */,
				E88EA0A31ACD5A0500B1BFA6 /* NodeList+Mutable.h in Headers */,
				E88EA0A41ACD5A0500B1BFA6 /* NodeList.h in Headers */,
				E88EA0A51ACD5A0500B1BFA6 /* NSCharacterSet+SVGKExtensions.h in Headers */,
				E88EA0A61ACD5A0500B1BFA6 /* NSData+NSInputStream.h in Headers */,
				E88EA0A71ACD5A0500B1BFA6 /* ProcessingInstruction.h in Headers */,
				E88EA0A81ACD5A0500B1BFA6 /* StyleSheet.h in Headers */,
				E88EA0A91ACD5A0500B1BFA6 /* StyleSheetList.h in Headers */,
				E88EA0AA1ACD5A0500B1BFA6 /* SVGAngle.h in Headers */,
				E88EA0AB1ACD5A0500B1BFA6 /* SVGAnimatedPreserveAspectRatio.h in Headers */,
				E88EA0AC1ACD5A0600B1BFA6 /* SVGCircleElement.h in Headers */,
				E88EA0AD1ACD5A0600B1BFA6 /* SVGClipPathElement.h in Headers */,
				E88EA0AE1ACD5A0600B1BFA6 /* SVGDefsElement.h in Headers */,
				E88EA0AF1ACD5A0600B1BFA6 /* SVGDescriptionElement.h in Headers */,
				E88EA0B01ACD5A0600B1BFA6 /* SVGDocument.h in Headers */,
				E88EA0B11ACD5A0600B1BFA6 /* SVGDocument_Mutable.h in Headers */,
				E88EA0B21ACD5A0600B1BFA6 /* SVGElement.h in Headers */,
				E88EA0B31ACD5A0600B1BFA6 /* SVGElement_ForParser.h in Headers */,
				E88EA0B41ACD5A0600B1BFA6 /* SVGElementInstance.h in Headers */,
				E88EA0B51ACD5A0600B1BFA6 /* SVGElementInstance_Mutable.h in Headers */,
				E88EA0B61ACD5A0600B1BFA6 /* SVGElementInstanceList.h in Headers */,
				E88EA0B71ACD5A0600B1BFA6 /* SVGElementInstanceList_Internal.h in Headers */,
				E88EA0B81ACD5A0600B1BFA6 /* SVGEllipseElement.h in Headers */,
				E88EA0B91ACD5A0600B1BFA6 /* SVGFitToViewBox.h in Headers */,
				E88EA0BA1ACD5A0600B1BFA6 /* SVGGElement.h in Headers */,
				E88EA0BB1ACD5A0700B1BFA6 /* SVGGradientElement.h in Headers */,
				E88EA0BC1ACD5A0700B1BFA6 /* SVGGradientLayer.h in Headers */,
				E88EA0BD1ACD5A0700B1BFA6 /* SVGGradientStop.h in Headers */,
				E88EA0BE1ACD5A0700B1BFA6 /* SVGGroupElement.h in Headers */,
				E88EA0BF1ACD5A0700B1BFA6 /* SVGHelperUtilities.h in Headers */,
				E88EA0C01ACD5A0700B1BFA6 /* SVGImageElement.h in Headers */,
				E88EA0C11ACD5A0700B1BFA6 /* SVGKExporterNSData.h in Headers */,
				E88EA0C21ACD5A0700B1BFA6 /* SVGKExporterUIImage.h in Headers */,
				E88EA0C31ACD5A0700B1BFA6 /* SVGKFastImageView.h in Headers */,
				E88EA0C41ACD5A0700B1BFA6 /* SVGKImage+CGContext.h in Headers */,
				E88EA0C51ACD5A0700B1BFA6 /* SVGKImage.h in Headers */,
				E88EA0C61ACD5A0700B1BFA6 /* SVGKImageView.h in Headers */,
				E88EA0C71ACD5A0700B1BFA6 /* SVGKit.h in Headers */,
				E88EA0C81ACD5A0800B1BFA6 /* SVGKLayer.h in Headers */,
				E88EA0C91ACD5A0800B1BFA6 /* SVGKLayeredImageView.h in Headers */,
				E88EA0CA1ACD5A0800B1BFA6 /* SVGKParser.h in Headers */,
				E88EA0CB1ACD5A0800B1BFA6 /* SVGKParserDefsAndUse.h in Headers */,
				E88EA0CC1ACD5A0800B1BFA6 /* SVGKParserDOM.h in Headers */,
				E88EA0CD1ACD5A0800B1BFA6 /* SVGKParseResult.h in Headers */,
				E88EA0CE1ACD5A0800B1BFA6 /* SVGKParserExtension.h in Headers */,
				E88EA0CF1ACD5A0800B1BFA6 /* SVGKParserGradient.h in Headers */,
				E88EA0D01ACD5A0800B1BFA6 /* SVGKParserPatternsAndGradients.h in Headers */,
				E88EA0D11ACD5A0800B1BFA6 /* SVGKParserStyles.h in Headers */,
				E88EA0D21ACD5A0800B1BFA6 /* SVGKParserSVG.h in Headers */,
				E88EA0D31ACD5A0900B1BFA6 /* SVGKPattern.h in Headers */,
				E88EA0D41ACD5A0900B1BFA6 /* SVGKPointsAndPathsParser.h in Headers */,
				E88EA0D51ACD5A0900B1BFA6 /* SVGKSource.h in Headers */,
				E88EA0D61ACD5A0900B1BFA6 /* SVGKSourceLocalFile.h in Headers */,
				E88EA0D71ACD5A0900B1BFA6 /* SVGKSourceNSData.h in Headers */,
				E88EA0D81ACD5A0900B1BFA6 /* SVGKSourceString.h in Headers */,
				E88EA0D91ACD5A0900B1BFA6 /* SVGKSourceURL.h in Headers */,
				E88EA0DA1ACD5A0900B1BFA6 /* SVGLength.h in Headers */,
				E88EA0DB1ACD5A0900B1BFA6 /* SVGLineElement.h in Headers */,
				E88EA0DC1ACD5A0900B1BFA6 /* SVGMatrix.h in Headers */,
				E88EA0DD1ACD5A0A00B1BFA6 /* SVGNumber.h in Headers */,
				E88EA0DE1ACD5A0A00B1BFA6 /* SVGPathElement.h in Headers */,
				E88EA0DF1ACD5A0A00B1BFA6 /* SVGPoint.h in Headers */,
				E88EA0E01ACD5A0A00B1BFA6 /* SVGPolygonElement.h in Headers */,
				E88EA0E11ACD5A0A00B1BFA6 /* SVGPolylineElement.h in Headers */,
				E88EA0E21ACD5A0A00B1BFA6 /* SVGPreserveAspectRatio.h in Headers */,
				E88EA0E31ACD5A0A00B1BFA6 /* SVGRect.h in Headers */,
				E88EA0E41ACD5A0A00B1BFA6 /* SVGRectElement.h in Headers */,
				E88EA0E51ACD5A0A00B1BFA6 /* SVGStylable.h in Headers */,
				E88EA0E61ACD5A0B00B1BFA6 /* SVGStyleCatcher.h in Headers */,
				E88EA0E71ACD5A0B00B1BFA6 /* SVGStyleElement.h in Headers */,
				E88EA0E81ACD5A0B00B1BFA6 /* SVGSVGElement.h in Headers */,
				E88EA0E91ACD5A0B00B1BFA6 /* SVGSVGElement_Mutable.h in Headers */,
				E88EA0EA1ACD5A0B00B1BFA6 /* SVGTextContentElement.h in Headers */,
				E88EA0EB1ACD5A0B00B1BFA6 /* SVGTextElement.h in Headers */,
				E88EA0EC1ACD5A0B00B1BFA6 /* SVGTextPositioningElement.h in Headers */,
				E88EA0ED1ACD5A0B00B1BFA6 /* SVGTextPositioningElement_Mutable.h in Headers */,
				E88EA0EE1ACD5A0C00B1BFA6 /* SVGTitleElement.h in Headers */,
				E88EA0EF1ACD5A0C00B1BFA6 /* SVGTransform.h in Headers */,
				E88EA0F01ACD5A0C00B1BFA6 /* SVGTransformable.h in Headers */,
				E88EA0F11ACD5A0C00B1BFA6 /* SVGUnitTypes.h in Headers */,
				E88EA0F21ACD5A0C00B1BFA6 /* SVGUseElement.h in Headers */,
				E88EA0F31ACD5A0C00B1BFA6 /* SVGUseElement_Mutable.h in Headers */,
				E88EA0F41ACD5A0C00B1BFA6 /* SVGUtils.h in Headers */,
				E88EA0F51ACD5A0C00B1BFA6 /* SVGViewSpec.h in Headers */,
				E88EA0F61ACD5A0D00B1BFA6 /* Text.h in Headers */,
				E88EA0F71ACD5A0D00B1BFA6 /* TinySVGTextAreaElement.h in Headers */,
				AA747D9F0F9514B9006C5449 /* ComGeraudbourdinSvgview_Prefix.pch in Headers */,
				E8F5D20C1ACC0D76001786D3 /* ComGeraudbourdinSvgviewViewProxy.h in Headers */,
				24DD6CF91134B3F500162E58 /* ComGeraudbourdinSvgviewModule.h in Headers */,
				24DE9E1111C5FE74003F90F6 /* ComGeraudbourdinSvgviewModuleAssets.h in Headers */,
				E8F5D20A1ACC0D76001786D3 /* ComGeraudbourdinSvgviewView.h in Headers */,
			);
			runOnlyForDeploymentPostprocessing = 0;
		};
/* End PBXHeadersBuildPhase section */

/* Begin PBXNativeTarget section */
		D2AAC07D0554694100DB518D /* svg-ios */ = {
			isa = PBXNativeTarget;
			buildConfigurationList = 1DEB921E08733DC00010E9CD /* Build configuration list for PBXNativeTarget "svg-ios" */;
			buildPhases = (
				D2AAC07A0554694100DB518D /* Headers */,
				D2AAC07B0554694100DB518D /* Sources */,
				D2AAC07C0554694100DB518D /* Frameworks */,
			);
			buildRules = (
			);
			dependencies = (
			);
			name = "svg-ios";
			productName = "svg-ios";
			productReference = D2AAC07E0554694100DB518D /* libComGeraudbourdinSvgview.a */;
			productType = "com.apple.product-type.library.static";
		};
/* End PBXNativeTarget section */

/* Begin PBXProject section */
		0867D690FE84028FC02AAC07 /* Project object */ = {
			isa = PBXProject;
			attributes = {
				LastUpgradeCheck = 0600;
			};
			buildConfigurationList = 1DEB922208733DC00010E9CD /* Build configuration list for PBXProject "svg-ios" */;
			compatibilityVersion = "Xcode 3.2";
			developmentRegion = English;
			hasScannedForEncodings = 1;
			knownRegions = (
				English,
				Japanese,
				French,
				German,
			);
			mainGroup = 0867D691FE84028FC02AAC07 /* svg-ios */;
			productRefGroup = 034768DFFF38A50411DB9C8B /* Products */;
			projectDirPath = "";
			projectRoot = "";
			targets = (
				D2AAC07D0554694100DB518D /* svg-ios */,
				24416B8111C4CA220047AFDD /* Build & Test */,
			);
		};
/* End PBXProject section */

/* Begin PBXShellScriptBuildPhase section */
		24416B8011C4CA220047AFDD /* ShellScript */ = {
			isa = PBXShellScriptBuildPhase;
			buildActionMask = 2147483647;
			files = (
			);
			inputPaths = (
			);
			outputPaths = (
			);
			runOnlyForDeploymentPostprocessing = 0;
			shellPath = /bin/sh;
			shellScript = "# shell script goes here\n\npython \"${TITANIUM_SDK}/titanium.py\" run --dir=\"${PROJECT_DIR}\"\nexit $?\n";
		};
/* End PBXShellScriptBuildPhase section */

/* Begin PBXSourcesBuildPhase section */
		D2AAC07B0554694100DB518D /* Sources */ = {
			isa = PBXSourcesBuildPhase;
			buildActionMask = 2147483647;
			files = (
				24DD6CFA1134B3F500162E58 /* ComGeraudbourdinSvgviewModule.m in Sources */,
				E8F5D20B1ACC0D76001786D3 /* ComGeraudbourdinSvgviewView.m in Sources */,
				24DE9E1211C5FE74003F90F6 /* ComGeraudbourdinSvgviewModuleAssets.m in Sources */,
				E8F5D20D1ACC0D76001786D3 /* ComGeraudbourdinSvgviewViewProxy.m in Sources */,
			);
			runOnlyForDeploymentPostprocessing = 0;
		};
/* End PBXSourcesBuildPhase section */

/* Begin PBXTargetDependency section */
		24416B8511C4CA280047AFDD /* PBXTargetDependency */ = {
			isa = PBXTargetDependency;
			target = D2AAC07D0554694100DB518D /* svg-ios */;
			targetProxy = 24416B8411C4CA280047AFDD /* PBXContainerItemProxy */;
		};
/* End PBXTargetDependency section */

/* Begin XCBuildConfiguration section */
		1DEB921F08733DC00010E9CD /* Debug */ = {
			isa = XCBuildConfiguration;
			baseConfigurationReference = 24DD6D1B1134B66800162E58 /* titanium.xcconfig */;
			buildSettings = {
				CODE_SIGN_IDENTITY = "iPhone Developer";
				"CODE_SIGN_IDENTITY[sdk=iphoneos*]" = "iPhone Developer";
				DSTROOT = /tmp/ComGeraudbourdinSvgview.dst;
				GCC_C_LANGUAGE_STANDARD = c99;
				GCC_OPTIMIZATION_LEVEL = 0;
				GCC_PRECOMPILE_PREFIX_HEADER = YES;
				GCC_PREFIX_HEADER = ComGeraudbourdinSvgview_Prefix.pch;
				GCC_PREPROCESSOR_DEFINITIONS = "TI_VERSION=$(TI_VERSION)";
				GCC_TREAT_WARNINGS_AS_ERRORS = NO;
				GCC_VERSION = "";
				GCC_WARN_ABOUT_RETURN_TYPE = NO;
				GCC_WARN_MISSING_PARENTHESES = NO;
				GCC_WARN_SHADOW = NO;
				GCC_WARN_STRICT_SELECTOR_MATCH = NO;
				GCC_WARN_UNUSED_FUNCTION = YES;
				GCC_WARN_UNUSED_PARAMETER = NO;
				GCC_WARN_UNUSED_VALUE = NO;
				GCC_WARN_UNUSED_VARIABLE = NO;
				INSTALL_PATH = /usr/local/lib;
				IPHONEOS_DEPLOYMENT_TARGET = 6.0;
				LIBRARY_SEARCH_PATHS = (
					"$(PROJECT_DIR)",
					"$(PROJECT_DIR)/SVGKit",
				);
				OTHER_CFLAGS = (
					"-DDEBUG",
					"-DTI_POST_1_2",
				);
				OTHER_LDFLAGS = "-ObjC";
				PRODUCT_NAME = ComGeraudbourdinSvgview;
				PROVISIONING_PROFILE = "";
				"PROVISIONING_PROFILE[sdk=iphoneos*]" = "";
				RUN_CLANG_STATIC_ANALYZER = NO;
				SDKROOT = iphoneos;
				USER_HEADER_SEARCH_PATHS = "";
			};
			name = Debug;
		};
		1DEB922008733DC00010E9CD /* Release */ = {
			isa = XCBuildConfiguration;
			baseConfigurationReference = 24DD6D1B1134B66800162E58 /* titanium.xcconfig */;
			buildSettings = {
				ALWAYS_SEARCH_USER_PATHS = NO;
				DSTROOT = /tmp/ComGeraudbourdinSvgview.dst;
				GCC_C_LANGUAGE_STANDARD = c99;
				GCC_MODEL_TUNING = G5;
				GCC_PRECOMPILE_PREFIX_HEADER = YES;
				GCC_PREFIX_HEADER = ComGeraudbourdinSvgview_Prefix.pch;
				GCC_PREPROCESSOR_DEFINITIONS = "TI_VERSION=$(TI_VERSION)";
				GCC_TREAT_WARNINGS_AS_ERRORS = NO;
				GCC_VERSION = "";
				GCC_WARN_ABOUT_RETURN_TYPE = NO;
				GCC_WARN_MISSING_PARENTHESES = NO;
				GCC_WARN_SHADOW = NO;
				GCC_WARN_STRICT_SELECTOR_MATCH = NO;
				GCC_WARN_UNUSED_FUNCTION = YES;
				GCC_WARN_UNUSED_PARAMETER = NO;
				GCC_WARN_UNUSED_VALUE = NO;
				GCC_WARN_UNUSED_VARIABLE = NO;
				INSTALL_PATH = /usr/local/lib;
				IPHONEOS_DEPLOYMENT_TARGET = 6.0;
				LIBRARY_SEARCH_PATHS = (
					"$(PROJECT_DIR)",
					"$(PROJECT_DIR)/SVGKit",
				);
				OTHER_CFLAGS = "-DTI_POST_1_2";
				OTHER_LDFLAGS = "-ObjC";
				PRODUCT_NAME = ComGeraudbourdinSvgview;
				RUN_CLANG_STATIC_ANALYZER = NO;
				SDKROOT = iphoneos;
				USER_HEADER_SEARCH_PATHS = "";
			};
			name = Release;
		};
		1DEB922308733DC00010E9CD /* Debug */ = {
			isa = XCBuildConfiguration;
			baseConfigurationReference = 24DD6D1B1134B66800162E58 /* titanium.xcconfig */;
			buildSettings = {
				CLANG_CXX_LIBRARY = "libstdc++";
				CODE_SIGN_IDENTITY = "iPhone Developer";
				"CODE_SIGN_IDENTITY[sdk=iphoneos*]" = "iPhone Developer";
				DSTROOT = /tmp/ComGeraudbourdinSvgview.dst;
				GCC_C_LANGUAGE_STANDARD = c99;
				GCC_OPTIMIZATION_LEVEL = 0;
				GCC_PRECOMPILE_PREFIX_HEADER = YES;
				GCC_PREFIX_HEADER = ComGeraudbourdinSvgview_Prefix.pch;
				GCC_PREPROCESSOR_DEFINITIONS = "TI_VERSION=$(TI_VERSION)";
				GCC_TREAT_WARNINGS_AS_ERRORS = NO;
				GCC_VERSION = "";
				GCC_WARN_ABOUT_RETURN_TYPE = NO;
				GCC_WARN_MISSING_PARENTHESES = NO;
				GCC_WARN_SHADOW = NO;
				GCC_WARN_STRICT_SELECTOR_MATCH = NO;
				GCC_WARN_UNUSED_FUNCTION = YES;
				GCC_WARN_UNUSED_PARAMETER = NO;
				GCC_WARN_UNUSED_VALUE = NO;
				GCC_WARN_UNUSED_VARIABLE = NO;
				INSTALL_PATH = /usr/local/lib;
				IPHONEOS_DEPLOYMENT_TARGET = 6.0;
				ONLY_ACTIVE_ARCH = YES;
				OTHER_CFLAGS = (
					"-DDEBUG",
					"-DTI_POST_1_2",
				);
				OTHER_LDFLAGS = "-ObjC";
				PRODUCT_NAME = ComGeraudbourdinSvgview;
				PROVISIONING_PROFILE = "";
				"PROVISIONING_PROFILE[sdk=iphoneos*]" = "";
				RUN_CLANG_STATIC_ANALYZER = NO;
				SDKROOT = iphoneos;
				USER_HEADER_SEARCH_PATHS = "";
			};
			name = Debug;
		};
		1DEB922408733DC00010E9CD /* Release */ = {
			isa = XCBuildConfiguration;
			baseConfigurationReference = 24DD6D1B1134B66800162E58 /* titanium.xcconfig */;
			buildSettings = {
				ALWAYS_SEARCH_USER_PATHS = NO;
				CLANG_CXX_LIBRARY = "libstdc++";
				DSTROOT = /tmp/ComGeraudbourdinSvgview.dst;
				GCC_C_LANGUAGE_STANDARD = c99;
				GCC_MODEL_TUNING = G5;
				GCC_PRECOMPILE_PREFIX_HEADER = YES;
				GCC_PREFIX_HEADER = ComGeraudbourdinSvgview_Prefix.pch;
				GCC_PREPROCESSOR_DEFINITIONS = "TI_VERSION=$(TI_VERSION)";
				GCC_TREAT_WARNINGS_AS_ERRORS = NO;
				GCC_VERSION = "";
				GCC_WARN_ABOUT_RETURN_TYPE = NO;
				GCC_WARN_MISSING_PARENTHESES = NO;
				GCC_WARN_SHADOW = NO;
				GCC_WARN_STRICT_SELECTOR_MATCH = NO;
				GCC_WARN_UNUSED_FUNCTION = YES;
				GCC_WARN_UNUSED_PARAMETER = NO;
				GCC_WARN_UNUSED_VALUE = NO;
				GCC_WARN_UNUSED_VARIABLE = NO;
				INSTALL_PATH = /usr/local/lib;
				IPHONEOS_DEPLOYMENT_TARGET = 6.0;
				OTHER_CFLAGS = "-DTI_POST_1_2";
				OTHER_LDFLAGS = "-ObjC";
				PRODUCT_NAME = ComGeraudbourdinSvgview;
				RUN_CLANG_STATIC_ANALYZER = NO;
				SDKROOT = iphoneos;
				USER_HEADER_SEARCH_PATHS = "";
			};
			name = Release;
		};
		24416B8211C4CA220047AFDD /* Debug */ = {
			isa = XCBuildConfiguration;
			baseConfigurationReference = 24DD6D1B1134B66800162E58 /* titanium.xcconfig */;
			buildSettings = {
				COPY_PHASE_STRIP = NO;
				GCC_DYNAMIC_NO_PIC = NO;
				GCC_OPTIMIZATION_LEVEL = 0;
				PRODUCT_NAME = "Build & test";
			};
			name = Debug;
		};
		24416B8311C4CA220047AFDD /* Release */ = {
			isa = XCBuildConfiguration;
			baseConfigurationReference = 24DD6D1B1134B66800162E58 /* titanium.xcconfig */;
			buildSettings = {
				COPY_PHASE_STRIP = YES;
				DEBUG_INFORMATION_FORMAT = "dwarf-with-dsym";
				GCC_ENABLE_FIX_AND_CONTINUE = NO;
				PRODUCT_NAME = "Build & test";
				ZERO_LINK = NO;
			};
			name = Release;
		};
/* End XCBuildConfiguration section */

/* Begin XCConfigurationList section */
		1DEB921E08733DC00010E9CD /* Build configuration list for PBXNativeTarget "svg-ios" */ = {
			isa = XCConfigurationList;
			buildConfigurations = (
				1DEB921F08733DC00010E9CD /* Debug */,
				1DEB922008733DC00010E9CD /* Release */,
			);
			defaultConfigurationIsVisible = 0;
			defaultConfigurationName = Release;
		};
		1DEB922208733DC00010E9CD /* Build configuration list for PBXProject "svg-ios" */ = {
			isa = XCConfigurationList;
			buildConfigurations = (
				1DEB922308733DC00010E9CD /* Debug */,
				1DEB922408733DC00010E9CD /* Release */,
			);
			defaultConfigurationIsVisible = 0;
			defaultConfigurationName = Release;
		};
		24416B8A11C4CA520047AFDD /* Build configuration list for PBXAggregateTarget "Build & Test" */ = {
			isa = XCConfigurationList;
			buildConfigurations = (
				24416B8211C4CA220047AFDD /* Debug */,
				24416B8311C4CA220047AFDD /* Release */,
			);
			defaultConfigurationIsVisible = 0;
			defaultConfigurationName = Release;
		};
/* End XCConfigurationList section */
	};
	rootObject = 0867D690FE84028FC02AAC07 /* Project object */;
}
